// !$*UTF8*$!
{
	archiveVersion = 1;
	classes = {
	};
	objectVersion = 46;
	objects = {

/* Begin PBXBuildFile section */
		99AE1E36926691731605A2F1 /* libPods-百思不得姐.a in Frameworks */ = {isa = PBXBuildFile; fileRef = FCABF8CCC49F0412C882421D /* libPods-百思不得姐.a */; };
		FC07B5E9204BE0A20099EA5F /* WMPlayer.bundle in Resources */ = {isa = PBXBuildFile; fileRef = FC07B5E0204BE0A10099EA5F /* WMPlayer.bundle */; };
		FC07B5EA204BE0A20099EA5F /* FastForwardView.xib in Resources */ = {isa = PBXBuildFile; fileRef = FC07B5E5204BE0A10099EA5F /* FastForwardView.xib */; };
		FC07B5EB204BE0A20099EA5F /* WMLightView.m in Sources */ = {isa = PBXBuildFile; fileRef = FC07B5E6204BE0A10099EA5F /* WMLightView.m */; };
		FC07B5EC204BE0A20099EA5F /* FastForwardView.m in Sources */ = {isa = PBXBuildFile; fileRef = FC07B5E7204BE0A10099EA5F /* FastForwardView.m */; };
		FC07B5ED204BE0A20099EA5F /* WMPlayer.m in Sources */ = {isa = PBXBuildFile; fileRef = FC07B5E8204BE0A10099EA5F /* WMPlayer.m */; };
		FC138ED01DBEF2F40088A0FD /* MLCommentsViewController.m in Sources */ = {isa = PBXBuildFile; fileRef = FC138ECE1DBEF2F40088A0FD /* MLCommentsViewController.m */; };
		FC138ED11DBEF2F40088A0FD /* MLCommentsViewController.xib in Resources */ = {isa = PBXBuildFile; fileRef = FC138ECF1DBEF2F40088A0FD /* MLCommentsViewController.xib */; };
		FC138EDB1DC081AF0088A0FD /* MLCommentCell.m in Sources */ = {isa = PBXBuildFile; fileRef = FC138ED91DC081AF0088A0FD /* MLCommentCell.m */; };
		FC25F89E1DA8979600ADA790 /* MLPictureView.m in Sources */ = {isa = PBXBuildFile; fileRef = FC25F89D1DA8979600ADA790 /* MLPictureView.m */; };
		FC25F8A21DA89B2300ADA790 /* MLPictureView.xib in Resources */ = {isa = PBXBuildFile; fileRef = FC25F8A11DA89B2300ADA790 /* MLPictureView.xib */; };
		FC3E46231DA9DC1F000C8A68 /* MLProgressView.m in Sources */ = {isa = PBXBuildFile; fileRef = FC3E46221DA9DC1F000C8A68 /* MLProgressView.m */; };
		FC46964D1DB612D90072005A /* MLScrollView.m in Sources */ = {isa = PBXBuildFile; fileRef = FC46964C1DB612D90072005A /* MLScrollView.m */; };
		FC6B6E521D9CF6F5001413EB /* MLBaseNewsViewController.m in Sources */ = {isa = PBXBuildFile; fileRef = FC6B6E511D9CF6F5001413EB /* MLBaseNewsViewController.m */; };
		FC74F97B1DAF2FDB0098CEA8 /* MLWord.m in Sources */ = {isa = PBXBuildFile; fileRef = FC74F97A1DAF2FDB0098CEA8 /* MLWord.m */; };
		FC8609371D8E40F8006157DD /* main.m in Sources */ = {isa = PBXBuildFile; fileRef = FC8609361D8E40F8006157DD /* main.m */; };
		FC8609421D8E40F8006157DD /* Assets.xcassets in Resources */ = {isa = PBXBuildFile; fileRef = FC8609411D8E40F8006157DD /* Assets.xcassets */; };
		FC8609451D8E40F8006157DD /* LaunchScreen.storyboard in Resources */ = {isa = PBXBuildFile; fileRef = FC8609431D8E40F8006157DD /* LaunchScreen.storyboard */; };
		FC8609501D8E40F8006157DD /* _____Tests.m in Sources */ = {isa = PBXBuildFile; fileRef = FC86094F1D8E40F8006157DD /* _____Tests.m */; };
		FC86095B1D8E40F8006157DD /* _____UITests.m in Sources */ = {isa = PBXBuildFile; fileRef = FC86095A1D8E40F8006157DD /* _____UITests.m */; };
		FC8609C61D8E658A006157DD /* MLAllTableViewController.m in Sources */ = {isa = PBXBuildFile; fileRef = FC86096C1D8E658A006157DD /* MLAllTableViewController.m */; };
		FC8609C71D8E658A006157DD /* MLEssenceViewController.m in Sources */ = {isa = PBXBuildFile; fileRef = FC86096E1D8E658A006157DD /* MLEssenceViewController.m */; };
		FC8609C81D8E658A006157DD /* MLPictureTableViewController.m in Sources */ = {isa = PBXBuildFile; fileRef = FC8609701D8E658A006157DD /* MLPictureTableViewController.m */; };
		FC8609C91D8E658A006157DD /* MLRemTagTableViewController.m in Sources */ = {isa = PBXBuildFile; fileRef = FC8609721D8E658A006157DD /* MLRemTagTableViewController.m */; };
		FC8609CA1D8E658A006157DD /* MLVedioTableViewController.m in Sources */ = {isa = PBXBuildFile; fileRef = FC8609741D8E658A006157DD /* MLVedioTableViewController.m */; };
		FC8609CB1D8E658A006157DD /* MLVioceTableViewController.m in Sources */ = {isa = PBXBuildFile; fileRef = FC8609761D8E658A006157DD /* MLVioceTableViewController.m */; };
		FC8609CC1D8E658A006157DD /* MLWordTableViewController.m in Sources */ = {isa = PBXBuildFile; fileRef = FC8609781D8E658A006157DD /* MLWordTableViewController.m */; };
		FC8609CD1D8E658A006157DD /* MLRemTag.m in Sources */ = {isa = PBXBuildFile; fileRef = FC86097B1D8E658A006157DD /* MLRemTag.m */; };
		FC8609CE1D8E658A006157DD /* MLRemTagCell.m in Sources */ = {isa = PBXBuildFile; fileRef = FC86097E1D8E658A006157DD /* MLRemTagCell.m */; };
		FC8609CF1D8E658A006157DD /* MLFriendTrendsViewController.m in Sources */ = {isa = PBXBuildFile; fileRef = FC8609821D8E658A006157DD /* MLFriendTrendsViewController.m */; };
		FC8609D01D8E658A006157DD /* MLFriendTrendsViewController.xib in Resources */ = {isa = PBXBuildFile; fileRef = FC8609831D8E658A006157DD /* MLFriendTrendsViewController.xib */; };
		FC8609D31D8E658A006157DD /* MLReccmmendViewController.m in Sources */ = {isa = PBXBuildFile; fileRef = FC8609881D8E658A006157DD /* MLReccmmendViewController.m */; };
		FC8609D41D8E658A006157DD /* MLReccmmend.m in Sources */ = {isa = PBXBuildFile; fileRef = FC86098B1D8E658A006157DD /* MLReccmmend.m */; };
		FC8609D51D8E658A006157DD /* MLReccmmendUser.m in Sources */ = {isa = PBXBuildFile; fileRef = FC86098D1D8E658A006157DD /* MLReccmmendUser.m */; };
		FC8609D61D8E658A006157DD /* MLPlaceHolderTextField.m in Sources */ = {isa = PBXBuildFile; fileRef = FC8609901D8E658A006157DD /* MLPlaceHolderTextField.m */; };
		FC8609D71D8E658A006157DD /* MLReccmmendCell.m in Sources */ = {isa = PBXBuildFile; fileRef = FC8609921D8E658A006157DD /* MLReccmmendCell.m */; };
		FC8609D81D8E658A006157DD /* MLReccmmendUserCell.m in Sources */ = {isa = PBXBuildFile; fileRef = FC8609941D8E658A006157DD /* MLReccmmendUserCell.m */; };
		FC8609D91D8E658A006157DD /* MLVerticalButton.m in Sources */ = {isa = PBXBuildFile; fileRef = FC8609961D8E658A006157DD /* MLVerticalButton.m */; };
		FC8609DA1D8E658A006157DD /* NSString+Size.m in Sources */ = {isa = PBXBuildFile; fileRef = FC86099A1D8E658A006157DD /* NSString+Size.m */; };
		FC8609DB1D8E658A006157DD /* UIBarButtonItem+DDBarButtonItem.m in Sources */ = {isa = PBXBuildFile; fileRef = FC86099C1D8E658A006157DD /* UIBarButtonItem+DDBarButtonItem.m */; };
		FC8609DC1D8E658A006157DD /* UIView+Extension.m in Sources */ = {isa = PBXBuildFile; fileRef = FC86099E1D8E658A006157DD /* UIView+Extension.m */; };
		FC8609DD1D8E658A006157DD /* MLNavigationController.m in Sources */ = {isa = PBXBuildFile; fileRef = FC8609A11D8E658A006157DD /* MLNavigationController.m */; };
		FC8609DE1D8E658A006157DD /* MLTabBarViewController.m in Sources */ = {isa = PBXBuildFile; fileRef = FC8609A31D8E658A006157DD /* MLTabBarViewController.m */; };
		FC8609DF1D8E658A006157DD /* JYHttpTool.m in Sources */ = {isa = PBXBuildFile; fileRef = FC8609A61D8E658A006157DD /* JYHttpTool.m */; };
		FC8609E11D8E658A006157DD /* MLGuidePageView.m in Sources */ = {isa = PBXBuildFile; fileRef = FC8609AE1D8E658A006157DD /* MLGuidePageView.m */; };
		FC8609E21D8E658A006157DD /* MLtabBar.m in Sources */ = {isa = PBXBuildFile; fileRef = FC8609B01D8E658A006157DD /* MLtabBar.m */; };
		FC8609E31D8E658A006157DD /* MLMeViewController.m in Sources */ = {isa = PBXBuildFile; fileRef = FC8609B41D8E658A006157DD /* MLMeViewController.m */; };
		FC8609E41D8E658A006157DD /* DFDViewController.m in Sources */ = {isa = PBXBuildFile; fileRef = FC8609B61D8E658A006157DD /* DFDViewController.m */; };
		FC8609E51D8E658A006157DD /* DFDViewController.xib in Resources */ = {isa = PBXBuildFile; fileRef = FC8609B71D8E658A006157DD /* DFDViewController.xib */; };
		FC8609E61D8E658A006157DD /* MLNewViewController.m in Sources */ = {isa = PBXBuildFile; fileRef = FC8609BE1D8E658A006157DD /* MLNewViewController.m */; };
		FC8609E71D8E658A006157DD /* AppDelegate.m in Sources */ = {isa = PBXBuildFile; fileRef = FC8609C41D8E658A006157DD /* AppDelegate.m */; };
		FC8609EE1D8E713A006157DD /* MLLoginRegistViewController.m in Sources */ = {isa = PBXBuildFile; fileRef = FC8609EC1D8E713A006157DD /* MLLoginRegistViewController.m */; };
		FC8609EF1D8E713A006157DD /* MLLoginRegistViewController.xib in Resources */ = {isa = PBXBuildFile; fileRef = FC8609ED1D8E713A006157DD /* MLLoginRegistViewController.xib */; };
		FC8E16221DB069D0004BD099 /* MLLargerView.m in Sources */ = {isa = PBXBuildFile; fileRef = FC8E16211DB069D0004BD099 /* MLLargerView.m */; };
		FC8E16241DB069DC004BD099 /* MLLargerView.xib in Resources */ = {isa = PBXBuildFile; fileRef = FC8E16231DB069DC004BD099 /* MLLargerView.xib */; };
		FC8E162D1DB0DD29004BD099 /* MediaPlayer.framework in Frameworks */ = {isa = PBXBuildFile; fileRef = FC8E162C1DB0DD29004BD099 /* MediaPlayer.framework */; };
		FC8E16301DB0DD66004BD099 /* Track.m in Sources */ = {isa = PBXBuildFile; fileRef = FC8E162F1DB0DD66004BD099 /* Track.m */; };
		FC8E16331DB0DD8C004BD099 /* Track+Provider.m in Sources */ = {isa = PBXBuildFile; fileRef = FC8E16321DB0DD8C004BD099 /* Track+Provider.m */; };
		FCA3037E1DAA14BA001F67CD /* MLLargerImageController.m in Sources */ = {isa = PBXBuildFile; fileRef = FCA3037C1DAA14BA001F67CD /* MLLargerImageController.m */; };
		FCA3037F1DAA14BA001F67CD /* MLLargerImageController.xib in Resources */ = {isa = PBXBuildFile; fileRef = FCA3037D1DAA14BA001F67CD /* MLLargerImageController.xib */; };
		FCA303931DAB2D66001F67CD /* MLSendPostViewController.m in Sources */ = {isa = PBXBuildFile; fileRef = FCA303911DAB2D66001F67CD /* MLSendPostViewController.m */; };
		FCA303941DAB2D66001F67CD /* MLSendPostViewController.xib in Resources */ = {isa = PBXBuildFile; fileRef = FCA303921DAB2D66001F67CD /* MLSendPostViewController.xib */; };
		FCA4C3591D9B6035008A9EDC /* NSDate+MLCompare.m in Sources */ = {isa = PBXBuildFile; fileRef = FCA4C3581D9B6035008A9EDC /* NSDate+MLCompare.m */; };
		FCB2DC711DC08E9600DB4BA0 /* MLCommentCell.xib in Resources */ = {isa = PBXBuildFile; fileRef = FCB2DC701DC08E9600DB4BA0 /* MLCommentCell.xib */; };
		FCC56D621DAE163600758EB2 /* MLVoiceView.m in Sources */ = {isa = PBXBuildFile; fileRef = FCC56D611DAE163600758EB2 /* MLVoiceView.m */; };
		FCC56D641DAE164400758EB2 /* MLVoiceView.xib in Resources */ = {isa = PBXBuildFile; fileRef = FCC56D631DAE164400758EB2 /* MLVoiceView.xib */; };
		FCC56D671DAE269800758EB2 /* MLVedioView.m in Sources */ = {isa = PBXBuildFile; fileRef = FCC56D661DAE269800758EB2 /* MLVedioView.m */; };
		FCC56D691DAE26AD00758EB2 /* MLVedioView.xib in Resources */ = {isa = PBXBuildFile; fileRef = FCC56D681DAE26AD00758EB2 /* MLVedioView.xib */; };
		FCC56D6C1DAE393D00758EB2 /* MLUser.m in Sources */ = {isa = PBXBuildFile; fileRef = FCC56D6B1DAE393D00758EB2 /* MLUser.m */; };
		FCC56D6F1DAE3AE100758EB2 /* MLComment.m in Sources */ = {isa = PBXBuildFile; fileRef = FCC56D6E1DAE3AE100758EB2 /* MLComment.m */; };
		FCF2BD8B1D99167400C66F67 /* BaseDAO.m in Sources */ = {isa = PBXBuildFile; fileRef = FCF2BD681D99167400C66F67 /* BaseDAO.m */; };
		FCF2BD8C1D99167400C66F67 /* BaseDataModel.m in Sources */ = {isa = PBXBuildFile; fileRef = FCF2BD6C1D99167400C66F67 /* BaseDataModel.m */; };
		FCF2BD8D1D99167400C66F67 /* DAOManager.m in Sources */ = {isa = PBXBuildFile; fileRef = FCF2BD6F1D99167400C66F67 /* DAOManager.m */; };
		FCF2BD8E1D99167400C66F67 /* FMDatabase+InMemoryOnDiskIO.m in Sources */ = {isa = PBXBuildFile; fileRef = FCF2BD741D99167400C66F67 /* FMDatabase+InMemoryOnDiskIO.m */; };
		FCF2BD8F1D99167400C66F67 /* FMDatabase.m in Sources */ = {isa = PBXBuildFile; fileRef = FCF2BD771D99167400C66F67 /* FMDatabase.m */; };
		FCF2BD901D99167400C66F67 /* FMDatabaseAdditions.m in Sources */ = {isa = PBXBuildFile; fileRef = FCF2BD791D99167400C66F67 /* FMDatabaseAdditions.m */; };
		FCF2BD911D99167400C66F67 /* FMDatabasePool.m in Sources */ = {isa = PBXBuildFile; fileRef = FCF2BD7B1D99167400C66F67 /* FMDatabasePool.m */; };
		FCF2BD921D99167400C66F67 /* FMDatabaseQueue.m in Sources */ = {isa = PBXBuildFile; fileRef = FCF2BD7D1D99167400C66F67 /* FMDatabaseQueue.m */; };
		FCF2BD931D99167400C66F67 /* FMResultSet.m in Sources */ = {isa = PBXBuildFile; fileRef = FCF2BD7F1D99167400C66F67 /* FMResultSet.m */; };
		FCF2BD941D99167400C66F67 /* LKDB+Mapping.m in Sources */ = {isa = PBXBuildFile; fileRef = FCF2BD821D99167400C66F67 /* LKDB+Mapping.m */; };
		FCF2BD951D99167400C66F67 /* LKDBHelper.m in Sources */ = {isa = PBXBuildFile; fileRef = FCF2BD841D99167400C66F67 /* LKDBHelper.m */; };
		FCF2BD961D99167400C66F67 /* LKDBUtils.m in Sources */ = {isa = PBXBuildFile; fileRef = FCF2BD861D99167400C66F67 /* LKDBUtils.m */; };
		FCF2BD971D99167400C66F67 /* NSObject+LKDBHelper.m in Sources */ = {isa = PBXBuildFile; fileRef = FCF2BD881D99167400C66F67 /* NSObject+LKDBHelper.m */; };
		FCF2BD981D99167400C66F67 /* NSObject+LKModel.m in Sources */ = {isa = PBXBuildFile; fileRef = FCF2BD8A1D99167400C66F67 /* NSObject+LKModel.m */; };
		FCF2BD9A1D9916B600C66F67 /* libsqlite3.0.tbd in Frameworks */ = {isa = PBXBuildFile; fileRef = FCF2BD991D9916B600C66F67 /* libsqlite3.0.tbd */; };
		FCF2BDA11D9922A700C66F67 /* MLWordCell.m in Sources */ = {isa = PBXBuildFile; fileRef = FCF2BD9F1D9922A700C66F67 /* MLWordCell.m */; };
		FCF2BDA21D9922A700C66F67 /* MLWordCell.xib in Resources */ = {isa = PBXBuildFile; fileRef = FCF2BDA01D9922A700C66F67 /* MLWordCell.xib */; };
		FCF2BDA61D9A18FE00C66F67 /* MLConst.m in Sources */ = {isa = PBXBuildFile; fileRef = FCF2BDA51D9A18FE00C66F67 /* MLConst.m */; };
/* End PBXBuildFile section */

/* Begin PBXContainerItemProxy section */
		FC86094C1D8E40F8006157DD /* PBXContainerItemProxy */ = {
			isa = PBXContainerItemProxy;
			containerPortal = FC86092A1D8E40F8006157DD /* Project object */;
			proxyType = 1;
			remoteGlobalIDString = FC8609311D8E40F8006157DD;
			remoteInfo = "百思不得姐";
		};
		FC8609571D8E40F8006157DD /* PBXContainerItemProxy */ = {
			isa = PBXContainerItemProxy;
			containerPortal = FC86092A1D8E40F8006157DD /* Project object */;
			proxyType = 1;
			remoteGlobalIDString = FC8609311D8E40F8006157DD;
			remoteInfo = "百思不得姐";
		};
/* End PBXContainerItemProxy section */

/* Begin PBXFileReference section */
		0F25D9D3C13A6635D0F35C0F /* Pods-百思不得姐.debug.xcconfig */ = {isa = PBXFileReference; includeInIndex = 1; lastKnownFileType = text.xcconfig; name = "Pods-百思不得姐.debug.xcconfig"; path = "Pods/Target Support Files/Pods-百思不得姐/Pods-百思不得姐.debug.xcconfig"; sourceTree = "<group>"; };
		F6B4388AD515D9009C2DFCF4 /* Pods-百思不得姐.release.xcconfig */ = {isa = PBXFileReference; includeInIndex = 1; lastKnownFileType = text.xcconfig; name = "Pods-百思不得姐.release.xcconfig"; path = "Pods/Target Support Files/Pods-百思不得姐/Pods-百思不得姐.release.xcconfig"; sourceTree = "<group>"; };
		FC07B5E0204BE0A10099EA5F /* WMPlayer.bundle */ = {isa = PBXFileReference; lastKnownFileType = "wrapper.plug-in"; path = WMPlayer.bundle; sourceTree = "<group>"; };
		FC07B5E1204BE0A10099EA5F /* WMPlayer.h */ = {isa = PBXFileReference; fileEncoding = 4; lastKnownFileType = sourcecode.c.h; path = WMPlayer.h; sourceTree = "<group>"; };
		FC07B5E3204BE0A10099EA5F /* WMLightView.h */ = {isa = PBXFileReference; fileEncoding = 4; lastKnownFileType = sourcecode.c.h; path = WMLightView.h; sourceTree = "<group>"; };
		FC07B5E4204BE0A10099EA5F /* FastForwardView.h */ = {isa = PBXFileReference; fileEncoding = 4; lastKnownFileType = sourcecode.c.h; path = FastForwardView.h; sourceTree = "<group>"; };
		FC07B5E5204BE0A10099EA5F /* FastForwardView.xib */ = {isa = PBXFileReference; fileEncoding = 4; lastKnownFileType = file.xib; path = FastForwardView.xib; sourceTree = "<group>"; };
		FC07B5E6204BE0A10099EA5F /* WMLightView.m */ = {isa = PBXFileReference; fileEncoding = 4; lastKnownFileType = sourcecode.c.objc; path = WMLightView.m; sourceTree = "<group>"; };
		FC07B5E7204BE0A10099EA5F /* FastForwardView.m */ = {isa = PBXFileReference; fileEncoding = 4; lastKnownFileType = sourcecode.c.objc; path = FastForwardView.m; sourceTree = "<group>"; };
		FC07B5E8204BE0A10099EA5F /* WMPlayer.m */ = {isa = PBXFileReference; fileEncoding = 4; lastKnownFileType = sourcecode.c.objc; path = WMPlayer.m; sourceTree = "<group>"; };
		FC138ECD1DBEF2F40088A0FD /* MLCommentsViewController.h */ = {isa = PBXFileReference; fileEncoding = 4; lastKnownFileType = sourcecode.c.h; path = MLCommentsViewController.h; sourceTree = "<group>"; };
		FC138ECE1DBEF2F40088A0FD /* MLCommentsViewController.m */ = {isa = PBXFileReference; fileEncoding = 4; lastKnownFileType = sourcecode.c.objc; path = MLCommentsViewController.m; sourceTree = "<group>"; };
		FC138ECF1DBEF2F40088A0FD /* MLCommentsViewController.xib */ = {isa = PBXFileReference; fileEncoding = 4; lastKnownFileType = file.xib; path = MLCommentsViewController.xib; sourceTree = "<group>"; };
		FC138ED81DC081AF0088A0FD /* MLCommentCell.h */ = {isa = PBXFileReference; fileEncoding = 4; lastKnownFileType = sourcecode.c.h; path = MLCommentCell.h; sourceTree = "<group>"; };
		FC138ED91DC081AF0088A0FD /* MLCommentCell.m */ = {isa = PBXFileReference; fileEncoding = 4; lastKnownFileType = sourcecode.c.objc; path = MLCommentCell.m; sourceTree = "<group>"; };
		FC25F89C1DA8979600ADA790 /* MLPictureView.h */ = {isa = PBXFileReference; fileEncoding = 4; lastKnownFileType = sourcecode.c.h; path = MLPictureView.h; sourceTree = "<group>"; };
		FC25F89D1DA8979600ADA790 /* MLPictureView.m */ = {isa = PBXFileReference; fileEncoding = 4; lastKnownFileType = sourcecode.c.objc; path = MLPictureView.m; sourceTree = "<group>"; };
		FC25F8A11DA89B2300ADA790 /* MLPictureView.xib */ = {isa = PBXFileReference; fileEncoding = 4; lastKnownFileType = file.xib; path = MLPictureView.xib; sourceTree = "<group>"; };
		FC3E46211DA9DC1F000C8A68 /* MLProgressView.h */ = {isa = PBXFileReference; fileEncoding = 4; lastKnownFileType = sourcecode.c.h; path = MLProgressView.h; sourceTree = "<group>"; };
		FC3E46221DA9DC1F000C8A68 /* MLProgressView.m */ = {isa = PBXFileReference; fileEncoding = 4; lastKnownFileType = sourcecode.c.objc; path = MLProgressView.m; sourceTree = "<group>"; };
		FC46964B1DB612D90072005A /* MLScrollView.h */ = {isa = PBXFileReference; fileEncoding = 4; lastKnownFileType = sourcecode.c.h; path = MLScrollView.h; sourceTree = "<group>"; };
		FC46964C1DB612D90072005A /* MLScrollView.m */ = {isa = PBXFileReference; fileEncoding = 4; lastKnownFileType = sourcecode.c.objc; path = MLScrollView.m; sourceTree = "<group>"; };
		FC6B6E501D9CF6F5001413EB /* MLBaseNewsViewController.h */ = {isa = PBXFileReference; fileEncoding = 4; lastKnownFileType = sourcecode.c.h; path = MLBaseNewsViewController.h; sourceTree = "<group>"; };
		FC6B6E511D9CF6F5001413EB /* MLBaseNewsViewController.m */ = {isa = PBXFileReference; fileEncoding = 4; lastKnownFileType = sourcecode.c.objc; path = MLBaseNewsViewController.m; sourceTree = "<group>"; };
		FC74F9791DAF2FDB0098CEA8 /* MLWord.h */ = {isa = PBXFileReference; fileEncoding = 4; lastKnownFileType = sourcecode.c.h; path = MLWord.h; sourceTree = "<group>"; };
		FC74F97A1DAF2FDB0098CEA8 /* MLWord.m */ = {isa = PBXFileReference; fileEncoding = 4; lastKnownFileType = sourcecode.c.objc; path = MLWord.m; sourceTree = "<group>"; };
		FC8609321D8E40F8006157DD /* 百思不得姐.app */ = {isa = PBXFileReference; explicitFileType = wrapper.application; includeInIndex = 0; path = "百思不得姐.app"; sourceTree = BUILT_PRODUCTS_DIR; };
		FC8609361D8E40F8006157DD /* main.m */ = {isa = PBXFileReference; lastKnownFileType = sourcecode.c.objc; path = main.m; sourceTree = "<group>"; };
		FC8609411D8E40F8006157DD /* Assets.xcassets */ = {isa = PBXFileReference; lastKnownFileType = folder.assetcatalog; path = Assets.xcassets; sourceTree = "<group>"; };
		FC8609441D8E40F8006157DD /* Base */ = {isa = PBXFileReference; lastKnownFileType = file.storyboard; name = Base; path = Base.lproj/LaunchScreen.storyboard; sourceTree = "<group>"; };
		FC8609461D8E40F8006157DD /* Info.plist */ = {isa = PBXFileReference; lastKnownFileType = text.plist.xml; path = Info.plist; sourceTree = "<group>"; };
		FC86094B1D8E40F8006157DD /* 百思不得姐Tests.xctest */ = {isa = PBXFileReference; explicitFileType = wrapper.cfbundle; includeInIndex = 0; path = "百思不得姐Tests.xctest"; sourceTree = BUILT_PRODUCTS_DIR; };
		FC86094F1D8E40F8006157DD /* _____Tests.m */ = {isa = PBXFileReference; lastKnownFileType = sourcecode.c.objc; path = _____Tests.m; sourceTree = "<group>"; };
		FC8609511D8E40F8006157DD /* Info.plist */ = {isa = PBXFileReference; lastKnownFileType = text.plist.xml; path = Info.plist; sourceTree = "<group>"; };
		FC8609561D8E40F8006157DD /* 百思不得姐UITests.xctest */ = {isa = PBXFileReference; explicitFileType = wrapper.cfbundle; includeInIndex = 0; path = "百思不得姐UITests.xctest"; sourceTree = BUILT_PRODUCTS_DIR; };
		FC86095A1D8E40F8006157DD /* _____UITests.m */ = {isa = PBXFileReference; lastKnownFileType = sourcecode.c.objc; path = _____UITests.m; sourceTree = "<group>"; };
		FC86095C1D8E40F8006157DD /* Info.plist */ = {isa = PBXFileReference; lastKnownFileType = text.plist.xml; path = Info.plist; sourceTree = "<group>"; };
		FC86096B1D8E658A006157DD /* MLAllTableViewController.h */ = {isa = PBXFileReference; fileEncoding = 4; lastKnownFileType = sourcecode.c.h; path = MLAllTableViewController.h; sourceTree = "<group>"; };
		FC86096C1D8E658A006157DD /* MLAllTableViewController.m */ = {isa = PBXFileReference; fileEncoding = 4; lastKnownFileType = sourcecode.c.objc; path = MLAllTableViewController.m; sourceTree = "<group>"; };
		FC86096D1D8E658A006157DD /* MLEssenceViewController.h */ = {isa = PBXFileReference; fileEncoding = 4; lastKnownFileType = sourcecode.c.h; path = MLEssenceViewController.h; sourceTree = "<group>"; };
		FC86096E1D8E658A006157DD /* MLEssenceViewController.m */ = {isa = PBXFileReference; fileEncoding = 4; lastKnownFileType = sourcecode.c.objc; path = MLEssenceViewController.m; sourceTree = "<group>"; };
		FC86096F1D8E658A006157DD /* MLPictureTableViewController.h */ = {isa = PBXFileReference; fileEncoding = 4; lastKnownFileType = sourcecode.c.h; path = MLPictureTableViewController.h; sourceTree = "<group>"; };
		FC8609701D8E658A006157DD /* MLPictureTableViewController.m */ = {isa = PBXFileReference; fileEncoding = 4; lastKnownFileType = sourcecode.c.objc; path = MLPictureTableViewController.m; sourceTree = "<group>"; };
		FC8609711D8E658A006157DD /* MLRemTagTableViewController.h */ = {isa = PBXFileReference; fileEncoding = 4; lastKnownFileType = sourcecode.c.h; path = MLRemTagTableViewController.h; sourceTree = "<group>"; };
		FC8609721D8E658A006157DD /* MLRemTagTableViewController.m */ = {isa = PBXFileReference; fileEncoding = 4; lastKnownFileType = sourcecode.c.objc; path = MLRemTagTableViewController.m; sourceTree = "<group>"; };
		FC8609731D8E658A006157DD /* MLVedioTableViewController.h */ = {isa = PBXFileReference; fileEncoding = 4; lastKnownFileType = sourcecode.c.h; path = MLVedioTableViewController.h; sourceTree = "<group>"; };
		FC8609741D8E658A006157DD /* MLVedioTableViewController.m */ = {isa = PBXFileReference; fileEncoding = 4; lastKnownFileType = sourcecode.c.objc; path = MLVedioTableViewController.m; sourceTree = "<group>"; };
		FC8609751D8E658A006157DD /* MLVioceTableViewController.h */ = {isa = PBXFileReference; fileEncoding = 4; lastKnownFileType = sourcecode.c.h; path = MLVioceTableViewController.h; sourceTree = "<group>"; };
		FC8609761D8E658A006157DD /* MLVioceTableViewController.m */ = {isa = PBXFileReference; fileEncoding = 4; lastKnownFileType = sourcecode.c.objc; path = MLVioceTableViewController.m; sourceTree = "<group>"; };
		FC8609771D8E658A006157DD /* MLWordTableViewController.h */ = {isa = PBXFileReference; fileEncoding = 4; lastKnownFileType = sourcecode.c.h; path = MLWordTableViewController.h; sourceTree = "<group>"; };
		FC8609781D8E658A006157DD /* MLWordTableViewController.m */ = {isa = PBXFileReference; fileEncoding = 4; lastKnownFileType = sourcecode.c.objc; path = MLWordTableViewController.m; sourceTree = "<group>"; };
		FC86097A1D8E658A006157DD /* MLRemTag.h */ = {isa = PBXFileReference; fileEncoding = 4; lastKnownFileType = sourcecode.c.h; path = MLRemTag.h; sourceTree = "<group>"; };
		FC86097B1D8E658A006157DD /* MLRemTag.m */ = {isa = PBXFileReference; fileEncoding = 4; lastKnownFileType = sourcecode.c.objc; path = MLRemTag.m; sourceTree = "<group>"; };
		FC86097D1D8E658A006157DD /* MLRemTagCell.h */ = {isa = PBXFileReference; fileEncoding = 4; lastKnownFileType = sourcecode.c.h; path = MLRemTagCell.h; sourceTree = "<group>"; };
		FC86097E1D8E658A006157DD /* MLRemTagCell.m */ = {isa = PBXFileReference; fileEncoding = 4; lastKnownFileType = sourcecode.c.objc; path = MLRemTagCell.m; sourceTree = "<group>"; };
		FC8609811D8E658A006157DD /* MLFriendTrendsViewController.h */ = {isa = PBXFileReference; fileEncoding = 4; lastKnownFileType = sourcecode.c.h; path = MLFriendTrendsViewController.h; sourceTree = "<group>"; };
		FC8609821D8E658A006157DD /* MLFriendTrendsViewController.m */ = {isa = PBXFileReference; fileEncoding = 4; lastKnownFileType = sourcecode.c.objc; path = MLFriendTrendsViewController.m; sourceTree = "<group>"; };
		FC8609831D8E658A006157DD /* MLFriendTrendsViewController.xib */ = {isa = PBXFileReference; fileEncoding = 4; lastKnownFileType = file.xib; path = MLFriendTrendsViewController.xib; sourceTree = "<group>"; };
		FC8609871D8E658A006157DD /* MLReccmmendViewController.h */ = {isa = PBXFileReference; fileEncoding = 4; lastKnownFileType = sourcecode.c.h; path = MLReccmmendViewController.h; sourceTree = "<group>"; };
		FC8609881D8E658A006157DD /* MLReccmmendViewController.m */ = {isa = PBXFileReference; fileEncoding = 4; lastKnownFileType = sourcecode.c.objc; path = MLReccmmendViewController.m; sourceTree = "<group>"; };
		FC86098A1D8E658A006157DD /* MLReccmmend.h */ = {isa = PBXFileReference; fileEncoding = 4; lastKnownFileType = sourcecode.c.h; path = MLReccmmend.h; sourceTree = "<group>"; };
		FC86098B1D8E658A006157DD /* MLReccmmend.m */ = {isa = PBXFileReference; fileEncoding = 4; lastKnownFileType = sourcecode.c.objc; path = MLReccmmend.m; sourceTree = "<group>"; };
		FC86098C1D8E658A006157DD /* MLReccmmendUser.h */ = {isa = PBXFileReference; fileEncoding = 4; lastKnownFileType = sourcecode.c.h; path = MLReccmmendUser.h; sourceTree = "<group>"; };
		FC86098D1D8E658A006157DD /* MLReccmmendUser.m */ = {isa = PBXFileReference; fileEncoding = 4; lastKnownFileType = sourcecode.c.objc; path = MLReccmmendUser.m; sourceTree = "<group>"; };
		FC86098F1D8E658A006157DD /* MLPlaceHolderTextField.h */ = {isa = PBXFileReference; fileEncoding = 4; lastKnownFileType = sourcecode.c.h; path = MLPlaceHolderTextField.h; sourceTree = "<group>"; };
		FC8609901D8E658A006157DD /* MLPlaceHolderTextField.m */ = {isa = PBXFileReference; fileEncoding = 4; lastKnownFileType = sourcecode.c.objc; path = MLPlaceHolderTextField.m; sourceTree = "<group>"; };
		FC8609911D8E658A006157DD /* MLReccmmendCell.h */ = {isa = PBXFileReference; fileEncoding = 4; lastKnownFileType = sourcecode.c.h; path = MLReccmmendCell.h; sourceTree = "<group>"; };
		FC8609921D8E658A006157DD /* MLReccmmendCell.m */ = {isa = PBXFileReference; fileEncoding = 4; lastKnownFileType = sourcecode.c.objc; path = MLReccmmendCell.m; sourceTree = "<group>"; };
		FC8609931D8E658A006157DD /* MLReccmmendUserCell.h */ = {isa = PBXFileReference; fileEncoding = 4; lastKnownFileType = sourcecode.c.h; path = MLReccmmendUserCell.h; sourceTree = "<group>"; };
		FC8609941D8E658A006157DD /* MLReccmmendUserCell.m */ = {isa = PBXFileReference; fileEncoding = 4; lastKnownFileType = sourcecode.c.objc; path = MLReccmmendUserCell.m; sourceTree = "<group>"; };
		FC8609951D8E658A006157DD /* MLVerticalButton.h */ = {isa = PBXFileReference; fileEncoding = 4; lastKnownFileType = sourcecode.c.h; path = MLVerticalButton.h; sourceTree = "<group>"; };
		FC8609961D8E658A006157DD /* MLVerticalButton.m */ = {isa = PBXFileReference; fileEncoding = 4; lastKnownFileType = sourcecode.c.objc; path = MLVerticalButton.m; sourceTree = "<group>"; };
		FC8609991D8E658A006157DD /* NSString+Size.h */ = {isa = PBXFileReference; fileEncoding = 4; lastKnownFileType = sourcecode.c.h; path = "NSString+Size.h"; sourceTree = "<group>"; };
		FC86099A1D8E658A006157DD /* NSString+Size.m */ = {isa = PBXFileReference; fileEncoding = 4; lastKnownFileType = sourcecode.c.objc; path = "NSString+Size.m"; sourceTree = "<group>"; };
		FC86099B1D8E658A006157DD /* UIBarButtonItem+DDBarButtonItem.h */ = {isa = PBXFileReference; fileEncoding = 4; lastKnownFileType = sourcecode.c.h; path = "UIBarButtonItem+DDBarButtonItem.h"; sourceTree = "<group>"; };
		FC86099C1D8E658A006157DD /* UIBarButtonItem+DDBarButtonItem.m */ = {isa = PBXFileReference; fileEncoding = 4; lastKnownFileType = sourcecode.c.objc; path = "UIBarButtonItem+DDBarButtonItem.m"; sourceTree = "<group>"; };
		FC86099D1D8E658A006157DD /* UIView+Extension.h */ = {isa = PBXFileReference; fileEncoding = 4; lastKnownFileType = sourcecode.c.h; path = "UIView+Extension.h"; sourceTree = "<group>"; };
		FC86099E1D8E658A006157DD /* UIView+Extension.m */ = {isa = PBXFileReference; fileEncoding = 4; lastKnownFileType = sourcecode.c.objc; path = "UIView+Extension.m"; sourceTree = "<group>"; };
		FC8609A01D8E658A006157DD /* MLNavigationController.h */ = {isa = PBXFileReference; fileEncoding = 4; lastKnownFileType = sourcecode.c.h; path = MLNavigationController.h; sourceTree = "<group>"; };
		FC8609A11D8E658A006157DD /* MLNavigationController.m */ = {isa = PBXFileReference; fileEncoding = 4; lastKnownFileType = sourcecode.c.objc; path = MLNavigationController.m; sourceTree = "<group>"; };
		FC8609A21D8E658A006157DD /* MLTabBarViewController.h */ = {isa = PBXFileReference; fileEncoding = 4; lastKnownFileType = sourcecode.c.h; path = MLTabBarViewController.h; sourceTree = "<group>"; };
		FC8609A31D8E658A006157DD /* MLTabBarViewController.m */ = {isa = PBXFileReference; fileEncoding = 4; lastKnownFileType = sourcecode.c.objc; path = MLTabBarViewController.m; sourceTree = "<group>"; };
		FC8609A51D8E658A006157DD /* JYHttpTool.h */ = {isa = PBXFileReference; fileEncoding = 4; lastKnownFileType = sourcecode.c.h; path = JYHttpTool.h; sourceTree = "<group>"; };
		FC8609A61D8E658A006157DD /* JYHttpTool.m */ = {isa = PBXFileReference; fileEncoding = 4; lastKnownFileType = sourcecode.c.objc; path = JYHttpTool.m; sourceTree = "<group>"; };
		FC8609A91D8E658A006157DD /* AppDelegate.h */ = {isa = PBXFileReference; fileEncoding = 4; lastKnownFileType = sourcecode.c.h; path = AppDelegate.h; sourceTree = "<group>"; };
		FC8609AA1D8E658A006157DD /* AppDelegate.m */ = {isa = PBXFileReference; fileEncoding = 4; lastKnownFileType = sourcecode.c.objc; path = AppDelegate.m; sourceTree = "<group>"; };
		FC8609AD1D8E658A006157DD /* MLGuidePageView.h */ = {isa = PBXFileReference; fileEncoding = 4; lastKnownFileType = sourcecode.c.h; path = MLGuidePageView.h; sourceTree = "<group>"; };
		FC8609AE1D8E658A006157DD /* MLGuidePageView.m */ = {isa = PBXFileReference; fileEncoding = 4; lastKnownFileType = sourcecode.c.objc; path = MLGuidePageView.m; sourceTree = "<group>"; };
		FC8609AF1D8E658A006157DD /* MLtabBar.h */ = {isa = PBXFileReference; fileEncoding = 4; lastKnownFileType = sourcecode.c.h; path = MLtabBar.h; sourceTree = "<group>"; };
		FC8609B01D8E658A006157DD /* MLtabBar.m */ = {isa = PBXFileReference; fileEncoding = 4; lastKnownFileType = sourcecode.c.objc; path = MLtabBar.m; sourceTree = "<group>"; };
		FC8609B31D8E658A006157DD /* MLMeViewController.h */ = {isa = PBXFileReference; fileEncoding = 4; lastKnownFileType = sourcecode.c.h; path = MLMeViewController.h; sourceTree = "<group>"; };
		FC8609B41D8E658A006157DD /* MLMeViewController.m */ = {isa = PBXFileReference; fileEncoding = 4; lastKnownFileType = sourcecode.c.objc; path = MLMeViewController.m; sourceTree = "<group>"; };
		FC8609B51D8E658A006157DD /* DFDViewController.h */ = {isa = PBXFileReference; fileEncoding = 4; lastKnownFileType = sourcecode.c.h; path = DFDViewController.h; sourceTree = "<group>"; };
		FC8609B61D8E658A006157DD /* DFDViewController.m */ = {isa = PBXFileReference; fileEncoding = 4; lastKnownFileType = sourcecode.c.objc; path = DFDViewController.m; sourceTree = "<group>"; };
		FC8609B71D8E658A006157DD /* DFDViewController.xib */ = {isa = PBXFileReference; fileEncoding = 4; lastKnownFileType = file.xib; path = DFDViewController.xib; sourceTree = "<group>"; };
		FC8609BD1D8E658A006157DD /* MLNewViewController.h */ = {isa = PBXFileReference; fileEncoding = 4; lastKnownFileType = sourcecode.c.h; path = MLNewViewController.h; sourceTree = "<group>"; };
		FC8609BE1D8E658A006157DD /* MLNewViewController.m */ = {isa = PBXFileReference; fileEncoding = 4; lastKnownFileType = sourcecode.c.objc; path = MLNewViewController.m; sourceTree = "<group>"; };
		FC8609C31D8E658A006157DD /* AppDelegate.h */ = {isa = PBXFileReference; fileEncoding = 4; lastKnownFileType = sourcecode.c.h; path = AppDelegate.h; sourceTree = "<group>"; };
		FC8609C41D8E658A006157DD /* AppDelegate.m */ = {isa = PBXFileReference; fileEncoding = 4; lastKnownFileType = sourcecode.c.objc; path = AppDelegate.m; sourceTree = "<group>"; };
		FC8609E81D8E65DC006157DD /* Header.h */ = {isa = PBXFileReference; lastKnownFileType = sourcecode.c.h; path = Header.h; sourceTree = "<group>"; };
		FC8609EB1D8E713A006157DD /* MLLoginRegistViewController.h */ = {isa = PBXFileReference; fileEncoding = 4; lastKnownFileType = sourcecode.c.h; path = MLLoginRegistViewController.h; sourceTree = "<group>"; };
		FC8609EC1D8E713A006157DD /* MLLoginRegistViewController.m */ = {isa = PBXFileReference; fileEncoding = 4; lastKnownFileType = sourcecode.c.objc; path = MLLoginRegistViewController.m; sourceTree = "<group>"; };
		FC8609ED1D8E713A006157DD /* MLLoginRegistViewController.xib */ = {isa = PBXFileReference; fileEncoding = 4; lastKnownFileType = file.xib; path = MLLoginRegistViewController.xib; sourceTree = "<group>"; };
		FC8E16201DB069D0004BD099 /* MLLargerView.h */ = {isa = PBXFileReference; fileEncoding = 4; lastKnownFileType = sourcecode.c.h; path = MLLargerView.h; sourceTree = "<group>"; };
		FC8E16211DB069D0004BD099 /* MLLargerView.m */ = {isa = PBXFileReference; fileEncoding = 4; lastKnownFileType = sourcecode.c.objc; path = MLLargerView.m; sourceTree = "<group>"; };
		FC8E16231DB069DC004BD099 /* MLLargerView.xib */ = {isa = PBXFileReference; fileEncoding = 4; lastKnownFileType = file.xib; path = MLLargerView.xib; sourceTree = "<group>"; };
		FC8E162C1DB0DD29004BD099 /* MediaPlayer.framework */ = {isa = PBXFileReference; lastKnownFileType = wrapper.framework; name = MediaPlayer.framework; path = System/Library/Frameworks/MediaPlayer.framework; sourceTree = SDKROOT; };
		FC8E162E1DB0DD66004BD099 /* Track.h */ = {isa = PBXFileReference; fileEncoding = 4; lastKnownFileType = sourcecode.c.h; path = Track.h; sourceTree = "<group>"; };
		FC8E162F1DB0DD66004BD099 /* Track.m */ = {isa = PBXFileReference; fileEncoding = 4; lastKnownFileType = sourcecode.c.objc; path = Track.m; sourceTree = "<group>"; };
		FC8E16311DB0DD8C004BD099 /* Track+Provider.h */ = {isa = PBXFileReference; fileEncoding = 4; lastKnownFileType = sourcecode.c.h; path = "Track+Provider.h"; sourceTree = "<group>"; };
		FC8E16321DB0DD8C004BD099 /* Track+Provider.m */ = {isa = PBXFileReference; fileEncoding = 4; lastKnownFileType = sourcecode.c.objc; path = "Track+Provider.m"; sourceTree = "<group>"; };
		FCA3037B1DAA14BA001F67CD /* MLLargerImageController.h */ = {isa = PBXFileReference; fileEncoding = 4; lastKnownFileType = sourcecode.c.h; path = MLLargerImageController.h; sourceTree = "<group>"; };
		FCA3037C1DAA14BA001F67CD /* MLLargerImageController.m */ = {isa = PBXFileReference; fileEncoding = 4; lastKnownFileType = sourcecode.c.objc; path = MLLargerImageController.m; sourceTree = "<group>"; };
		FCA3037D1DAA14BA001F67CD /* MLLargerImageController.xib */ = {isa = PBXFileReference; fileEncoding = 4; lastKnownFileType = file.xib; path = MLLargerImageController.xib; sourceTree = "<group>"; };
		FCA303901DAB2D66001F67CD /* MLSendPostViewController.h */ = {isa = PBXFileReference; fileEncoding = 4; lastKnownFileType = sourcecode.c.h; path = MLSendPostViewController.h; sourceTree = "<group>"; };
		FCA303911DAB2D66001F67CD /* MLSendPostViewController.m */ = {isa = PBXFileReference; fileEncoding = 4; lastKnownFileType = sourcecode.c.objc; path = MLSendPostViewController.m; sourceTree = "<group>"; };
		FCA303921DAB2D66001F67CD /* MLSendPostViewController.xib */ = {isa = PBXFileReference; fileEncoding = 4; lastKnownFileType = file.xib; path = MLSendPostViewController.xib; sourceTree = "<group>"; };
		FCA4C3571D9B6035008A9EDC /* NSDate+MLCompare.h */ = {isa = PBXFileReference; fileEncoding = 4; lastKnownFileType = sourcecode.c.h; path = "NSDate+MLCompare.h"; sourceTree = "<group>"; };
		FCA4C3581D9B6035008A9EDC /* NSDate+MLCompare.m */ = {isa = PBXFileReference; fileEncoding = 4; lastKnownFileType = sourcecode.c.objc; path = "NSDate+MLCompare.m"; sourceTree = "<group>"; };
		FCABF8CCC49F0412C882421D /* libPods-百思不得姐.a */ = {isa = PBXFileReference; explicitFileType = archive.ar; includeInIndex = 0; path = "libPods-百思不得姐.a"; sourceTree = BUILT_PRODUCTS_DIR; };
		FCB2DC701DC08E9600DB4BA0 /* MLCommentCell.xib */ = {isa = PBXFileReference; fileEncoding = 4; lastKnownFileType = file.xib; path = MLCommentCell.xib; sourceTree = "<group>"; };
		FCC56D601DAE163600758EB2 /* MLVoiceView.h */ = {isa = PBXFileReference; fileEncoding = 4; lastKnownFileType = sourcecode.c.h; path = MLVoiceView.h; sourceTree = "<group>"; };
		FCC56D611DAE163600758EB2 /* MLVoiceView.m */ = {isa = PBXFileReference; fileEncoding = 4; lastKnownFileType = sourcecode.c.objc; path = MLVoiceView.m; sourceTree = "<group>"; };
		FCC56D631DAE164400758EB2 /* MLVoiceView.xib */ = {isa = PBXFileReference; fileEncoding = 4; lastKnownFileType = file.xib; path = MLVoiceView.xib; sourceTree = "<group>"; };
		FCC56D651DAE269800758EB2 /* MLVedioView.h */ = {isa = PBXFileReference; fileEncoding = 4; lastKnownFileType = sourcecode.c.h; path = MLVedioView.h; sourceTree = "<group>"; };
		FCC56D661DAE269800758EB2 /* MLVedioView.m */ = {isa = PBXFileReference; fileEncoding = 4; lastKnownFileType = sourcecode.c.objc; path = MLVedioView.m; sourceTree = "<group>"; };
		FCC56D681DAE26AD00758EB2 /* MLVedioView.xib */ = {isa = PBXFileReference; fileEncoding = 4; lastKnownFileType = file.xib; path = MLVedioView.xib; sourceTree = "<group>"; };
		FCC56D6A1DAE393D00758EB2 /* MLUser.h */ = {isa = PBXFileReference; fileEncoding = 4; lastKnownFileType = sourcecode.c.h; path = MLUser.h; sourceTree = "<group>"; };
		FCC56D6B1DAE393D00758EB2 /* MLUser.m */ = {isa = PBXFileReference; fileEncoding = 4; lastKnownFileType = sourcecode.c.objc; path = MLUser.m; sourceTree = "<group>"; };
		FCC56D6D1DAE3AE100758EB2 /* MLComment.h */ = {isa = PBXFileReference; fileEncoding = 4; lastKnownFileType = sourcecode.c.h; path = MLComment.h; sourceTree = "<group>"; };
		FCC56D6E1DAE3AE100758EB2 /* MLComment.m */ = {isa = PBXFileReference; fileEncoding = 4; lastKnownFileType = sourcecode.c.objc; path = MLComment.m; sourceTree = "<group>"; };
		FCF2BD671D99167400C66F67 /* BaseDAO.h */ = {isa = PBXFileReference; fileEncoding = 4; lastKnownFileType = sourcecode.c.h; path = BaseDAO.h; sourceTree = "<group>"; };
		FCF2BD681D99167400C66F67 /* BaseDAO.m */ = {isa = PBXFileReference; fileEncoding = 4; lastKnownFileType = sourcecode.c.objc; path = BaseDAO.m; sourceTree = "<group>"; };
		FCF2BD691D99167400C66F67 /* BaseDAOProtocol.h */ = {isa = PBXFileReference; fileEncoding = 4; lastKnownFileType = sourcecode.c.h; path = BaseDAOProtocol.h; sourceTree = "<group>"; };
		FCF2BD6B1D99167400C66F67 /* BaseDataModel.h */ = {isa = PBXFileReference; fileEncoding = 4; lastKnownFileType = sourcecode.c.h; path = BaseDataModel.h; sourceTree = "<group>"; };
		FCF2BD6C1D99167400C66F67 /* BaseDataModel.m */ = {isa = PBXFileReference; fileEncoding = 4; lastKnownFileType = sourcecode.c.objc; path = BaseDataModel.m; sourceTree = "<group>"; };
		FCF2BD6D1D99167400C66F67 /* BaseDataModelProtocol.h */ = {isa = PBXFileReference; fileEncoding = 4; lastKnownFileType = sourcecode.c.h; path = BaseDataModelProtocol.h; sourceTree = "<group>"; };
		FCF2BD6E1D99167400C66F67 /* DAOManager.h */ = {isa = PBXFileReference; fileEncoding = 4; lastKnownFileType = sourcecode.c.h; path = DAOManager.h; sourceTree = "<group>"; };
		FCF2BD6F1D99167400C66F67 /* DAOManager.m */ = {isa = PBXFileReference; fileEncoding = 4; lastKnownFileType = sourcecode.c.objc; path = DAOManager.m; sourceTree = "<group>"; };
		FCF2BD731D99167400C66F67 /* FMDatabase+InMemoryOnDiskIO.h */ = {isa = PBXFileReference; fileEncoding = 4; lastKnownFileType = sourcecode.c.h; path = "FMDatabase+InMemoryOnDiskIO.h"; sourceTree = "<group>"; };
		FCF2BD741D99167400C66F67 /* FMDatabase+InMemoryOnDiskIO.m */ = {isa = PBXFileReference; fileEncoding = 4; lastKnownFileType = sourcecode.c.objc; path = "FMDatabase+InMemoryOnDiskIO.m"; sourceTree = "<group>"; };
		FCF2BD761D99167400C66F67 /* FMDatabase.h */ = {isa = PBXFileReference; fileEncoding = 4; lastKnownFileType = sourcecode.c.h; path = FMDatabase.h; sourceTree = "<group>"; };
		FCF2BD771D99167400C66F67 /* FMDatabase.m */ = {isa = PBXFileReference; fileEncoding = 4; lastKnownFileType = sourcecode.c.objc; path = FMDatabase.m; sourceTree = "<group>"; };
		FCF2BD781D99167400C66F67 /* FMDatabaseAdditions.h */ = {isa = PBXFileReference; fileEncoding = 4; lastKnownFileType = sourcecode.c.h; path = FMDatabaseAdditions.h; sourceTree = "<group>"; };
		FCF2BD791D99167400C66F67 /* FMDatabaseAdditions.m */ = {isa = PBXFileReference; fileEncoding = 4; lastKnownFileType = sourcecode.c.objc; path = FMDatabaseAdditions.m; sourceTree = "<group>"; };
		FCF2BD7A1D99167400C66F67 /* FMDatabasePool.h */ = {isa = PBXFileReference; fileEncoding = 4; lastKnownFileType = sourcecode.c.h; path = FMDatabasePool.h; sourceTree = "<group>"; };
		FCF2BD7B1D99167400C66F67 /* FMDatabasePool.m */ = {isa = PBXFileReference; fileEncoding = 4; lastKnownFileType = sourcecode.c.objc; path = FMDatabasePool.m; sourceTree = "<group>"; };
		FCF2BD7C1D99167400C66F67 /* FMDatabaseQueue.h */ = {isa = PBXFileReference; fileEncoding = 4; lastKnownFileType = sourcecode.c.h; path = FMDatabaseQueue.h; sourceTree = "<group>"; };
		FCF2BD7D1D99167400C66F67 /* FMDatabaseQueue.m */ = {isa = PBXFileReference; fileEncoding = 4; lastKnownFileType = sourcecode.c.objc; path = FMDatabaseQueue.m; sourceTree = "<group>"; };
		FCF2BD7E1D99167400C66F67 /* FMResultSet.h */ = {isa = PBXFileReference; fileEncoding = 4; lastKnownFileType = sourcecode.c.h; path = FMResultSet.h; sourceTree = "<group>"; };
		FCF2BD7F1D99167400C66F67 /* FMResultSet.m */ = {isa = PBXFileReference; fileEncoding = 4; lastKnownFileType = sourcecode.c.objc; path = FMResultSet.m; sourceTree = "<group>"; };
		FCF2BD811D99167400C66F67 /* LKDB+Mapping.h */ = {isa = PBXFileReference; fileEncoding = 4; lastKnownFileType = sourcecode.c.h; path = "LKDB+Mapping.h"; sourceTree = "<group>"; };
		FCF2BD821D99167400C66F67 /* LKDB+Mapping.m */ = {isa = PBXFileReference; fileEncoding = 4; lastKnownFileType = sourcecode.c.objc; path = "LKDB+Mapping.m"; sourceTree = "<group>"; };
		FCF2BD831D99167400C66F67 /* LKDBHelper.h */ = {isa = PBXFileReference; fileEncoding = 4; lastKnownFileType = sourcecode.c.h; path = LKDBHelper.h; sourceTree = "<group>"; };
		FCF2BD841D99167400C66F67 /* LKDBHelper.m */ = {isa = PBXFileReference; fileEncoding = 4; lastKnownFileType = sourcecode.c.objc; path = LKDBHelper.m; sourceTree = "<group>"; };
		FCF2BD851D99167400C66F67 /* LKDBUtils.h */ = {isa = PBXFileReference; fileEncoding = 4; lastKnownFileType = sourcecode.c.h; path = LKDBUtils.h; sourceTree = "<group>"; };
		FCF2BD861D99167400C66F67 /* LKDBUtils.m */ = {isa = PBXFileReference; fileEncoding = 4; lastKnownFileType = sourcecode.c.objc; path = LKDBUtils.m; sourceTree = "<group>"; };
		FCF2BD871D99167400C66F67 /* NSObject+LKDBHelper.h */ = {isa = PBXFileReference; fileEncoding = 4; lastKnownFileType = sourcecode.c.h; path = "NSObject+LKDBHelper.h"; sourceTree = "<group>"; };
		FCF2BD881D99167400C66F67 /* NSObject+LKDBHelper.m */ = {isa = PBXFileReference; fileEncoding = 4; lastKnownFileType = sourcecode.c.objc; path = "NSObject+LKDBHelper.m"; sourceTree = "<group>"; };
		FCF2BD891D99167400C66F67 /* NSObject+LKModel.h */ = {isa = PBXFileReference; fileEncoding = 4; lastKnownFileType = sourcecode.c.h; path = "NSObject+LKModel.h"; sourceTree = "<group>"; };
		FCF2BD8A1D99167400C66F67 /* NSObject+LKModel.m */ = {isa = PBXFileReference; fileEncoding = 4; lastKnownFileType = sourcecode.c.objc; path = "NSObject+LKModel.m"; sourceTree = "<group>"; };
		FCF2BD991D9916B600C66F67 /* libsqlite3.0.tbd */ = {isa = PBXFileReference; lastKnownFileType = "sourcecode.text-based-dylib-definition"; name = libsqlite3.0.tbd; path = usr/lib/libsqlite3.0.tbd; sourceTree = SDKROOT; };
		FCF2BD9E1D9922A700C66F67 /* MLWordCell.h */ = {isa = PBXFileReference; fileEncoding = 4; lastKnownFileType = sourcecode.c.h; path = MLWordCell.h; sourceTree = "<group>"; };
		FCF2BD9F1D9922A700C66F67 /* MLWordCell.m */ = {isa = PBXFileReference; fileEncoding = 4; lastKnownFileType = sourcecode.c.objc; path = MLWordCell.m; sourceTree = "<group>"; wrapsLines = 0; };
		FCF2BDA01D9922A700C66F67 /* MLWordCell.xib */ = {isa = PBXFileReference; fileEncoding = 4; lastKnownFileType = file.xib; path = MLWordCell.xib; sourceTree = "<group>"; };
		FCF2BDA41D9A18FE00C66F67 /* MLConst.h */ = {isa = PBXFileReference; fileEncoding = 4; lastKnownFileType = sourcecode.c.h; path = MLConst.h; sourceTree = "<group>"; };
		FCF2BDA51D9A18FE00C66F67 /* MLConst.m */ = {isa = PBXFileReference; fileEncoding = 4; lastKnownFileType = sourcecode.c.objc; path = MLConst.m; sourceTree = "<group>"; };
/* End PBXFileReference section */

/* Begin PBXFrameworksBuildPhase section */
		FC86092F1D8E40F8006157DD /* Frameworks */ = {
			isa = PBXFrameworksBuildPhase;
			buildActionMask = 2147483647;
			files = (
				FC8E162D1DB0DD29004BD099 /* MediaPlayer.framework in Frameworks */,
				FCF2BD9A1D9916B600C66F67 /* libsqlite3.0.tbd in Frameworks */,
				99AE1E36926691731605A2F1 /* libPods-百思不得姐.a in Frameworks */,
			);
			runOnlyForDeploymentPostprocessing = 0;
		};
		FC8609481D8E40F8006157DD /* Frameworks */ = {
			isa = PBXFrameworksBuildPhase;
			buildActionMask = 2147483647;
			files = (
			);
			runOnlyForDeploymentPostprocessing = 0;
		};
		FC8609531D8E40F8006157DD /* Frameworks */ = {
			isa = PBXFrameworksBuildPhase;
			buildActionMask = 2147483647;
			files = (
			);
			runOnlyForDeploymentPostprocessing = 0;
		};
/* End PBXFrameworksBuildPhase section */

/* Begin PBXGroup section */
		1486257DFC04A6B355A236B6 /* Pods */ = {
			isa = PBXGroup;
			children = (
				0F25D9D3C13A6635D0F35C0F /* Pods-百思不得姐.debug.xcconfig */,
				F6B4388AD515D9009C2DFCF4 /* Pods-百思不得姐.release.xcconfig */,
			);
			name = Pods;
			sourceTree = "<group>";
		};
		D1A59152E522D6C79B968D78 /* Frameworks */ = {
			isa = PBXGroup;
			children = (
				FC8E162C1DB0DD29004BD099 /* MediaPlayer.framework */,
				FCF2BD991D9916B600C66F67 /* libsqlite3.0.tbd */,
				FCABF8CCC49F0412C882421D /* libPods-百思不得姐.a */,
			);
			name = Frameworks;
			sourceTree = "<group>";
		};
		FC07B5DF204BE0A10099EA5F /* WMPlayer */ = {
			isa = PBXGroup;
			children = (
				FC07B5E0204BE0A10099EA5F /* WMPlayer.bundle */,
				FC07B5E1204BE0A10099EA5F /* WMPlayer.h */,
				FC07B5E2204BE0A10099EA5F /* View */,
				FC07B5E8204BE0A10099EA5F /* WMPlayer.m */,
			);
			path = WMPlayer;
			sourceTree = "<group>";
		};
		FC07B5E2204BE0A10099EA5F /* View */ = {
			isa = PBXGroup;
			children = (
				FC07B5E3204BE0A10099EA5F /* WMLightView.h */,
				FC07B5E4204BE0A10099EA5F /* FastForwardView.h */,
				FC07B5E5204BE0A10099EA5F /* FastForwardView.xib */,
				FC07B5E6204BE0A10099EA5F /* WMLightView.m */,
				FC07B5E7204BE0A10099EA5F /* FastForwardView.m */,
			);
			path = View;
			sourceTree = "<group>";
		};
		FC8609291D8E40F8006157DD = {
			isa = PBXGroup;
			children = (
				FC8609341D8E40F8006157DD /* 百思不得姐 */,
				FC86094E1D8E40F8006157DD /* 百思不得姐Tests */,
				FC8609591D8E40F8006157DD /* 百思不得姐UITests */,
				FC8609331D8E40F8006157DD /* Products */,
				1486257DFC04A6B355A236B6 /* Pods */,
				D1A59152E522D6C79B968D78 /* Frameworks */,
			);
			sourceTree = "<group>";
		};
		FC8609331D8E40F8006157DD /* Products */ = {
			isa = PBXGroup;
			children = (
				FC8609321D8E40F8006157DD /* 百思不得姐.app */,
				FC86094B1D8E40F8006157DD /* 百思不得姐Tests.xctest */,
				FC8609561D8E40F8006157DD /* 百思不得姐UITests.xctest */,
			);
			name = Products;
			sourceTree = "<group>";
		};
		FC8609341D8E40F8006157DD /* 百思不得姐 */ = {
			isa = PBXGroup;
			children = (
				FC8609681D8E658A006157DD /* Class */,
				FC8609351D8E40F8006157DD /* Supporting Files */,
			);
			path = "百思不得姐";
			sourceTree = "<group>";
		};
		FC8609351D8E40F8006157DD /* Supporting Files */ = {
			isa = PBXGroup;
			children = (
				FC8609411D8E40F8006157DD /* Assets.xcassets */,
				FC8609431D8E40F8006157DD /* LaunchScreen.storyboard */,
				FC8609461D8E40F8006157DD /* Info.plist */,
				FC8609361D8E40F8006157DD /* main.m */,
				FC8609E81D8E65DC006157DD /* Header.h */,
			);
			name = "Supporting Files";
			sourceTree = "<group>";
		};
		FC86094E1D8E40F8006157DD /* 百思不得姐Tests */ = {
			isa = PBXGroup;
			children = (
				FC86094F1D8E40F8006157DD /* _____Tests.m */,
				FC8609511D8E40F8006157DD /* Info.plist */,
			);
			path = "百思不得姐Tests";
			sourceTree = "<group>";
		};
		FC8609591D8E40F8006157DD /* 百思不得姐UITests */ = {
			isa = PBXGroup;
			children = (
				FC86095A1D8E40F8006157DD /* _____UITests.m */,
				FC86095C1D8E40F8006157DD /* Info.plist */,
			);
			path = "百思不得姐UITests";
			sourceTree = "<group>";
		};
		FC8609681D8E658A006157DD /* Class */ = {
			isa = PBXGroup;
			children = (
				FCA3038C1DAB2D4D001F67CD /* SendPost(发帖子) */,
				FCF2BD641D99167400C66F67 /* Lib */,
				FC8609691D8E658A006157DD /* Essence(精华) */,
				FC86097F1D8E658A006157DD /* friendTrends(关注) */,
				FC8609971D8E658A006157DD /* Main */,
				FC8609B11D8E658A006157DD /* me(我) */,
				FC8609BA1D8E658A006157DD /* new(新帖) */,
				FC8609C11D8E658A006157DD /* Other */,
			);
			path = Class;
			sourceTree = "<group>";
		};
		FC8609691D8E658A006157DD /* Essence(精华) */ = {
			isa = PBXGroup;
			children = (
				FC8E16251DB0DB61004BD099 /* Category */,
				FC86096A1D8E658A006157DD /* Controller */,
				FC8609791D8E658A006157DD /* Model */,
				FC86097C1D8E658A006157DD /* View */,
			);
			path = "Essence(精华)";
			sourceTree = "<group>";
		};
		FC86096A1D8E658A006157DD /* Controller */ = {
			isa = PBXGroup;
			children = (
				FC86096B1D8E658A006157DD /* MLAllTableViewController.h */,
				FC86096C1D8E658A006157DD /* MLAllTableViewController.m */,
				FC86096D1D8E658A006157DD /* MLEssenceViewController.h */,
				FC86096E1D8E658A006157DD /* MLEssenceViewController.m */,
				FC86096F1D8E658A006157DD /* MLPictureTableViewController.h */,
				FC8609701D8E658A006157DD /* MLPictureTableViewController.m */,
				FC8609711D8E658A006157DD /* MLRemTagTableViewController.h */,
				FC8609721D8E658A006157DD /* MLRemTagTableViewController.m */,
				FC8609731D8E658A006157DD /* MLVedioTableViewController.h */,
				FC8609741D8E658A006157DD /* MLVedioTableViewController.m */,
				FC8609751D8E658A006157DD /* MLVioceTableViewController.h */,
				FC8609761D8E658A006157DD /* MLVioceTableViewController.m */,
				FC8609771D8E658A006157DD /* MLWordTableViewController.h */,
				FC8609781D8E658A006157DD /* MLWordTableViewController.m */,
				FC6B6E501D9CF6F5001413EB /* MLBaseNewsViewController.h */,
				FC6B6E511D9CF6F5001413EB /* MLBaseNewsViewController.m */,
				FCA3037B1DAA14BA001F67CD /* MLLargerImageController.h */,
				FCA3037C1DAA14BA001F67CD /* MLLargerImageController.m */,
				FCA3037D1DAA14BA001F67CD /* MLLargerImageController.xib */,
				FC138ECD1DBEF2F40088A0FD /* MLCommentsViewController.h */,
				FC138ECE1DBEF2F40088A0FD /* MLCommentsViewController.m */,
				FC138ECF1DBEF2F40088A0FD /* MLCommentsViewController.xib */,
			);
			path = Controller;
			sourceTree = "<group>";
		};
		FC8609791D8E658A006157DD /* Model */ = {
			isa = PBXGroup;
			children = (
				FC8E162E1DB0DD66004BD099 /* Track.h */,
				FC8E162F1DB0DD66004BD099 /* Track.m */,
				FC74F9791DAF2FDB0098CEA8 /* MLWord.h */,
				FC74F97A1DAF2FDB0098CEA8 /* MLWord.m */,
				FCC56D6A1DAE393D00758EB2 /* MLUser.h */,
				FCC56D6B1DAE393D00758EB2 /* MLUser.m */,
				FCC56D6D1DAE3AE100758EB2 /* MLComment.h */,
				FCC56D6E1DAE3AE100758EB2 /* MLComment.m */,
				FC86097A1D8E658A006157DD /* MLRemTag.h */,
				FC86097B1D8E658A006157DD /* MLRemTag.m */,
			);
			path = Model;
			sourceTree = "<group>";
		};
		FC86097C1D8E658A006157DD /* View */ = {
			isa = PBXGroup;
			children = (
				FC8E16201DB069D0004BD099 /* MLLargerView.h */,
				FC8E16211DB069D0004BD099 /* MLLargerView.m */,
				FC8E16231DB069DC004BD099 /* MLLargerView.xib */,
				FC3E46211DA9DC1F000C8A68 /* MLProgressView.h */,
				FC3E46221DA9DC1F000C8A68 /* MLProgressView.m */,
				FC86097D1D8E658A006157DD /* MLRemTagCell.h */,
				FC86097E1D8E658A006157DD /* MLRemTagCell.m */,
				FCF2BD9E1D9922A700C66F67 /* MLWordCell.h */,
				FCF2BD9F1D9922A700C66F67 /* MLWordCell.m */,
				FCF2BDA01D9922A700C66F67 /* MLWordCell.xib */,
				FC25F89C1DA8979600ADA790 /* MLPictureView.h */,
				FC25F89D1DA8979600ADA790 /* MLPictureView.m */,
				FC25F8A11DA89B2300ADA790 /* MLPictureView.xib */,
				FCC56D601DAE163600758EB2 /* MLVoiceView.h */,
				FCC56D611DAE163600758EB2 /* MLVoiceView.m */,
				FCC56D631DAE164400758EB2 /* MLVoiceView.xib */,
				FCC56D651DAE269800758EB2 /* MLVedioView.h */,
				FCC56D661DAE269800758EB2 /* MLVedioView.m */,
				FCC56D681DAE26AD00758EB2 /* MLVedioView.xib */,
				FC46964B1DB612D90072005A /* MLScrollView.h */,
				FC46964C1DB612D90072005A /* MLScrollView.m */,
				FC138ED81DC081AF0088A0FD /* MLCommentCell.h */,
				FC138ED91DC081AF0088A0FD /* MLCommentCell.m */,
				FCB2DC701DC08E9600DB4BA0 /* MLCommentCell.xib */,
			);
			path = View;
			sourceTree = "<group>";
		};
		FC86097F1D8E658A006157DD /* friendTrends(关注) */ = {
			isa = PBXGroup;
			children = (
				FC8609801D8E658A006157DD /* Controller */,
				FC8609891D8E658A006157DD /* Model */,
				FC86098E1D8E658A006157DD /* View */,
			);
			path = "friendTrends(关注)";
			sourceTree = "<group>";
		};
		FC8609801D8E658A006157DD /* Controller */ = {
			isa = PBXGroup;
			children = (
				FC8609811D8E658A006157DD /* MLFriendTrendsViewController.h */,
				FC8609821D8E658A006157DD /* MLFriendTrendsViewController.m */,
				FC8609831D8E658A006157DD /* MLFriendTrendsViewController.xib */,
				FC8609EB1D8E713A006157DD /* MLLoginRegistViewController.h */,
				FC8609EC1D8E713A006157DD /* MLLoginRegistViewController.m */,
				FC8609ED1D8E713A006157DD /* MLLoginRegistViewController.xib */,
				FC8609871D8E658A006157DD /* MLReccmmendViewController.h */,
				FC8609881D8E658A006157DD /* MLReccmmendViewController.m */,
			);
			path = Controller;
			sourceTree = "<group>";
		};
		FC8609891D8E658A006157DD /* Model */ = {
			isa = PBXGroup;
			children = (
				FC86098A1D8E658A006157DD /* MLReccmmend.h */,
				FC86098B1D8E658A006157DD /* MLReccmmend.m */,
				FC86098C1D8E658A006157DD /* MLReccmmendUser.h */,
				FC86098D1D8E658A006157DD /* MLReccmmendUser.m */,
			);
			path = Model;
			sourceTree = "<group>";
		};
		FC86098E1D8E658A006157DD /* View */ = {
			isa = PBXGroup;
			children = (
				FC86098F1D8E658A006157DD /* MLPlaceHolderTextField.h */,
				FC8609901D8E658A006157DD /* MLPlaceHolderTextField.m */,
				FC8609911D8E658A006157DD /* MLReccmmendCell.h */,
				FC8609921D8E658A006157DD /* MLReccmmendCell.m */,
				FC8609931D8E658A006157DD /* MLReccmmendUserCell.h */,
				FC8609941D8E658A006157DD /* MLReccmmendUserCell.m */,
				FC8609951D8E658A006157DD /* MLVerticalButton.h */,
				FC8609961D8E658A006157DD /* MLVerticalButton.m */,
			);
			path = View;
			sourceTree = "<group>";
		};
		FC8609971D8E658A006157DD /* Main */ = {
			isa = PBXGroup;
			children = (
				FC8609981D8E658A006157DD /* Category */,
				FC86099F1D8E658A006157DD /* Controller */,
				FC8609A41D8E658A006157DD /* Model */,
				FC8609A71D8E658A006157DD /* Other */,
				FC8609AC1D8E658A006157DD /* View */,
			);
			path = Main;
			sourceTree = "<group>";
		};
		FC8609981D8E658A006157DD /* Category */ = {
			isa = PBXGroup;
			children = (
				FC8609991D8E658A006157DD /* NSString+Size.h */,
				FC86099A1D8E658A006157DD /* NSString+Size.m */,
				FC86099B1D8E658A006157DD /* UIBarButtonItem+DDBarButtonItem.h */,
				FC86099C1D8E658A006157DD /* UIBarButtonItem+DDBarButtonItem.m */,
				FC86099D1D8E658A006157DD /* UIView+Extension.h */,
				FC86099E1D8E658A006157DD /* UIView+Extension.m */,
			);
			path = Category;
			sourceTree = "<group>";
		};
		FC86099F1D8E658A006157DD /* Controller */ = {
			isa = PBXGroup;
			children = (
				FC8609A01D8E658A006157DD /* MLNavigationController.h */,
				FC8609A11D8E658A006157DD /* MLNavigationController.m */,
				FC8609A21D8E658A006157DD /* MLTabBarViewController.h */,
				FC8609A31D8E658A006157DD /* MLTabBarViewController.m */,
			);
			path = Controller;
			sourceTree = "<group>";
		};
		FC8609A41D8E658A006157DD /* Model */ = {
			isa = PBXGroup;
			children = (
				FC8609A51D8E658A006157DD /* JYHttpTool.h */,
				FC8609A61D8E658A006157DD /* JYHttpTool.m */,
			);
			path = Model;
			sourceTree = "<group>";
		};
		FC8609A71D8E658A006157DD /* Other */ = {
			isa = PBXGroup;
			children = (
				FC8609A81D8E658A006157DD /* AppDelegate */,
				FC8609AB1D8E658A006157DD /* Tool */,
			);
			path = Other;
			sourceTree = "<group>";
		};
		FC8609A81D8E658A006157DD /* AppDelegate */ = {
			isa = PBXGroup;
			children = (
				FC8609A91D8E658A006157DD /* AppDelegate.h */,
				FC8609AA1D8E658A006157DD /* AppDelegate.m */,
			);
			path = AppDelegate;
			sourceTree = "<group>";
		};
		FC8609AB1D8E658A006157DD /* Tool */ = {
			isa = PBXGroup;
			children = (
			);
			path = Tool;
			sourceTree = "<group>";
		};
		FC8609AC1D8E658A006157DD /* View */ = {
			isa = PBXGroup;
			children = (
				FC8609AD1D8E658A006157DD /* MLGuidePageView.h */,
				FC8609AE1D8E658A006157DD /* MLGuidePageView.m */,
				FC8609AF1D8E658A006157DD /* MLtabBar.h */,
				FC8609B01D8E658A006157DD /* MLtabBar.m */,
			);
			path = View;
			sourceTree = "<group>";
		};
		FC8609B11D8E658A006157DD /* me(我) */ = {
			isa = PBXGroup;
			children = (
				FC8609B21D8E658A006157DD /* Controller */,
				FC8609B81D8E658A006157DD /* Model */,
				FC8609B91D8E658A006157DD /* View */,
			);
			path = "me(我)";
			sourceTree = "<group>";
		};
		FC8609B21D8E658A006157DD /* Controller */ = {
			isa = PBXGroup;
			children = (
				FC8609B31D8E658A006157DD /* MLMeViewController.h */,
				FC8609B41D8E658A006157DD /* MLMeViewController.m */,
				FC8609B51D8E658A006157DD /* DFDViewController.h */,
				FC8609B61D8E658A006157DD /* DFDViewController.m */,
				FC8609B71D8E658A006157DD /* DFDViewController.xib */,
			);
			path = Controller;
			sourceTree = "<group>";
		};
		FC8609B81D8E658A006157DD /* Model */ = {
			isa = PBXGroup;
			children = (
			);
			path = Model;
			sourceTree = "<group>";
		};
		FC8609B91D8E658A006157DD /* View */ = {
			isa = PBXGroup;
			children = (
			);
			path = View;
			sourceTree = "<group>";
		};
		FC8609BA1D8E658A006157DD /* new(新帖) */ = {
			isa = PBXGroup;
			children = (
				FC8609BB1D8E658A006157DD /* Category */,
				FC8609BC1D8E658A006157DD /* Controller */,
				FC8609BF1D8E658A006157DD /* Model */,
				FC8609C01D8E658A006157DD /* View */,
			);
			path = "new(新帖)";
			sourceTree = "<group>";
		};
		FC8609BB1D8E658A006157DD /* Category */ = {
			isa = PBXGroup;
			children = (
			);
			path = Category;
			sourceTree = "<group>";
		};
		FC8609BC1D8E658A006157DD /* Controller */ = {
			isa = PBXGroup;
			children = (
				FC8609BD1D8E658A006157DD /* MLNewViewController.h */,
				FC8609BE1D8E658A006157DD /* MLNewViewController.m */,
			);
			path = Controller;
			sourceTree = "<group>";
		};
		FC8609BF1D8E658A006157DD /* Model */ = {
			isa = PBXGroup;
			children = (
			);
			path = Model;
			sourceTree = "<group>";
		};
		FC8609C01D8E658A006157DD /* View */ = {
			isa = PBXGroup;
			children = (
			);
			path = View;
			sourceTree = "<group>";
		};
		FC8609C11D8E658A006157DD /* Other */ = {
			isa = PBXGroup;
			children = (
				FCA4C3561D9B5FCD008A9EDC /* Category */,
				FCF2BDA31D9A18E700C66F67 /* MLConst */,
				FC8609C21D8E658A006157DD /* AppDelegate */,
				FC8609C51D8E658A006157DD /* Tool */,
			);
			path = Other;
			sourceTree = "<group>";
		};
		FC8609C21D8E658A006157DD /* AppDelegate */ = {
			isa = PBXGroup;
			children = (
				FC8609C31D8E658A006157DD /* AppDelegate.h */,
				FC8609C41D8E658A006157DD /* AppDelegate.m */,
			);
			path = AppDelegate;
			sourceTree = "<group>";
		};
		FC8609C51D8E658A006157DD /* Tool */ = {
			isa = PBXGroup;
			children = (
			);
			path = Tool;
			sourceTree = "<group>";
		};
		FC8E16251DB0DB61004BD099 /* Category */ = {
			isa = PBXGroup;
			children = (
				FC8E16311DB0DD8C004BD099 /* Track+Provider.h */,
				FC8E16321DB0DD8C004BD099 /* Track+Provider.m */,
			);
			path = Category;
			sourceTree = "<group>";
		};
		FCA3038C1DAB2D4D001F67CD /* SendPost(发帖子) */ = {
			isa = PBXGroup;
			children = (
				FCA3038D1DAB2D4D001F67CD /* Controller */,
				FCA3038E1DAB2D4D001F67CD /* Modle */,
				FCA3038F1DAB2D4D001F67CD /* View */,
			);
			path = "SendPost(发帖子)";
			sourceTree = "<group>";
		};
		FCA3038D1DAB2D4D001F67CD /* Controller */ = {
			isa = PBXGroup;
			children = (
				FCA303901DAB2D66001F67CD /* MLSendPostViewController.h */,
				FCA303911DAB2D66001F67CD /* MLSendPostViewController.m */,
				FCA303921DAB2D66001F67CD /* MLSendPostViewController.xib */,
			);
			path = Controller;
			sourceTree = "<group>";
		};
		FCA3038E1DAB2D4D001F67CD /* Modle */ = {
			isa = PBXGroup;
			children = (
			);
			path = Modle;
			sourceTree = "<group>";
		};
		FCA3038F1DAB2D4D001F67CD /* View */ = {
			isa = PBXGroup;
			children = (
			);
			path = View;
			sourceTree = "<group>";
		};
		FCA4C3561D9B5FCD008A9EDC /* Category */ = {
			isa = PBXGroup;
			children = (
				FCA4C3571D9B6035008A9EDC /* NSDate+MLCompare.h */,
				FCA4C3581D9B6035008A9EDC /* NSDate+MLCompare.m */,
			);
			path = Category;
			sourceTree = "<group>";
		};
		FCF2BD641D99167400C66F67 /* Lib */ = {
			isa = PBXGroup;
			children = (
				FC07B5DF204BE0A10099EA5F /* WMPlayer */,
				FCF2BD651D99167400C66F67 /* DBManager */,
			);
			path = Lib;
			sourceTree = "<group>";
		};
		FCF2BD651D99167400C66F67 /* DBManager */ = {
			isa = PBXGroup;
			children = (
				FCF2BD661D99167400C66F67 /* BaseDAO */,
				FCF2BD6A1D99167400C66F67 /* BaseDataModel */,
				FCF2BD6E1D99167400C66F67 /* DAOManager.h */,
				FCF2BD6F1D99167400C66F67 /* DAOManager.m */,
				FCF2BD701D99167400C66F67 /* LKDBHelper */,
			);
			path = DBManager;
			sourceTree = "<group>";
		};
		FCF2BD661D99167400C66F67 /* BaseDAO */ = {
			isa = PBXGroup;
			children = (
				FCF2BD671D99167400C66F67 /* BaseDAO.h */,
				FCF2BD681D99167400C66F67 /* BaseDAO.m */,
				FCF2BD691D99167400C66F67 /* BaseDAOProtocol.h */,
			);
			path = BaseDAO;
			sourceTree = "<group>";
		};
		FCF2BD6A1D99167400C66F67 /* BaseDataModel */ = {
			isa = PBXGroup;
			children = (
				FCF2BD6B1D99167400C66F67 /* BaseDataModel.h */,
				FCF2BD6C1D99167400C66F67 /* BaseDataModel.m */,
				FCF2BD6D1D99167400C66F67 /* BaseDataModelProtocol.h */,
			);
			path = BaseDataModel;
			sourceTree = "<group>";
		};
		FCF2BD701D99167400C66F67 /* LKDBHelper */ = {
			isa = PBXGroup;
			children = (
				FCF2BD711D99167400C66F67 /* FMDB */,
				FCF2BD801D99167400C66F67 /* Helper */,
			);
			path = LKDBHelper;
			sourceTree = "<group>";
		};
		FCF2BD711D99167400C66F67 /* FMDB */ = {
			isa = PBXGroup;
			children = (
				FCF2BD721D99167400C66F67 /* extra */,
				FCF2BD751D99167400C66F67 /* src */,
			);
			path = FMDB;
			sourceTree = "<group>";
		};
		FCF2BD721D99167400C66F67 /* extra */ = {
			isa = PBXGroup;
			children = (
				FCF2BD731D99167400C66F67 /* FMDatabase+InMemoryOnDiskIO.h */,
				FCF2BD741D99167400C66F67 /* FMDatabase+InMemoryOnDiskIO.m */,
			);
			path = extra;
			sourceTree = "<group>";
		};
		FCF2BD751D99167400C66F67 /* src */ = {
			isa = PBXGroup;
			children = (
				FCF2BD761D99167400C66F67 /* FMDatabase.h */,
				FCF2BD771D99167400C66F67 /* FMDatabase.m */,
				FCF2BD781D99167400C66F67 /* FMDatabaseAdditions.h */,
				FCF2BD791D99167400C66F67 /* FMDatabaseAdditions.m */,
				FCF2BD7A1D99167400C66F67 /* FMDatabasePool.h */,
				FCF2BD7B1D99167400C66F67 /* FMDatabasePool.m */,
				FCF2BD7C1D99167400C66F67 /* FMDatabaseQueue.h */,
				FCF2BD7D1D99167400C66F67 /* FMDatabaseQueue.m */,
				FCF2BD7E1D99167400C66F67 /* FMResultSet.h */,
				FCF2BD7F1D99167400C66F67 /* FMResultSet.m */,
			);
			path = src;
			sourceTree = "<group>";
		};
		FCF2BD801D99167400C66F67 /* Helper */ = {
			isa = PBXGroup;
			children = (
				FCF2BD811D99167400C66F67 /* LKDB+Mapping.h */,
				FCF2BD821D99167400C66F67 /* LKDB+Mapping.m */,
				FCF2BD831D99167400C66F67 /* LKDBHelper.h */,
				FCF2BD841D99167400C66F67 /* LKDBHelper.m */,
				FCF2BD851D99167400C66F67 /* LKDBUtils.h */,
				FCF2BD861D99167400C66F67 /* LKDBUtils.m */,
				FCF2BD871D99167400C66F67 /* NSObject+LKDBHelper.h */,
				FCF2BD881D99167400C66F67 /* NSObject+LKDBHelper.m */,
				FCF2BD891D99167400C66F67 /* NSObject+LKModel.h */,
				FCF2BD8A1D99167400C66F67 /* NSObject+LKModel.m */,
			);
			path = Helper;
			sourceTree = "<group>";
		};
		FCF2BDA31D9A18E700C66F67 /* MLConst */ = {
			isa = PBXGroup;
			children = (
				FCF2BDA41D9A18FE00C66F67 /* MLConst.h */,
				FCF2BDA51D9A18FE00C66F67 /* MLConst.m */,
			);
			path = MLConst;
			sourceTree = "<group>";
		};
/* End PBXGroup section */

/* Begin PBXNativeTarget section */
		FC8609311D8E40F8006157DD /* 百思不得姐 */ = {
			isa = PBXNativeTarget;
			buildConfigurationList = FC86095F1D8E40F8006157DD /* Build configuration list for PBXNativeTarget "百思不得姐" */;
			buildPhases = (
				16C65A4AA6655C356A8909ED /* [CP] Check Pods Manifest.lock */,
				FC86092E1D8E40F8006157DD /* Sources */,
				FC86092F1D8E40F8006157DD /* Frameworks */,
				FC8609301D8E40F8006157DD /* Resources */,
				A4B4B8B3E66580A300D360C4 /* [CP] Embed Pods Frameworks */,
				DA712B45EA0C11EAE5080774 /* [CP] Copy Pods Resources */,
			);
			buildRules = (
			);
			dependencies = (
			);
			name = "百思不得姐";
			productName = "百思不得姐";
			productReference = FC8609321D8E40F8006157DD /* 百思不得姐.app */;
			productType = "com.apple.product-type.application";
		};
		FC86094A1D8E40F8006157DD /* 百思不得姐Tests */ = {
			isa = PBXNativeTarget;
			buildConfigurationList = FC8609621D8E40F8006157DD /* Build configuration list for PBXNativeTarget "百思不得姐Tests" */;
			buildPhases = (
				FC8609471D8E40F8006157DD /* Sources */,
				FC8609481D8E40F8006157DD /* Frameworks */,
				FC8609491D8E40F8006157DD /* Resources */,
			);
			buildRules = (
			);
			dependencies = (
				FC86094D1D8E40F8006157DD /* PBXTargetDependency */,
			);
			name = "百思不得姐Tests";
			productName = "百思不得姐Tests";
			productReference = FC86094B1D8E40F8006157DD /* 百思不得姐Tests.xctest */;
			productType = "com.apple.product-type.bundle.unit-test";
		};
		FC8609551D8E40F8006157DD /* 百思不得姐UITests */ = {
			isa = PBXNativeTarget;
			buildConfigurationList = FC8609651D8E40F8006157DD /* Build configuration list for PBXNativeTarget "百思不得姐UITests" */;
			buildPhases = (
				FC8609521D8E40F8006157DD /* Sources */,
				FC8609531D8E40F8006157DD /* Frameworks */,
				FC8609541D8E40F8006157DD /* Resources */,
			);
			buildRules = (
			);
			dependencies = (
				FC8609581D8E40F8006157DD /* PBXTargetDependency */,
			);
			name = "百思不得姐UITests";
			productName = "百思不得姐UITests";
			productReference = FC8609561D8E40F8006157DD /* 百思不得姐UITests.xctest */;
			productType = "com.apple.product-type.bundle.ui-testing";
		};
/* End PBXNativeTarget section */

/* Begin PBXProject section */
		FC86092A1D8E40F8006157DD /* Project object */ = {
			isa = PBXProject;
			attributes = {
				CLASSPREFIX = ML;
				LastUpgradeCheck = 0800;
				ORGANIZATIONNAME = Dylan;
				TargetAttributes = {
					FC8609311D8E40F8006157DD = {
						CreatedOnToolsVersion = 8.0;
						DevelopmentTeam = Q6B26U4GWX;
						ProvisioningStyle = Automatic;
					};
					FC86094A1D8E40F8006157DD = {
						CreatedOnToolsVersion = 8.0;
						DevelopmentTeam = HZEC6N5GYF;
						ProvisioningStyle = Automatic;
						TestTargetID = FC8609311D8E40F8006157DD;
					};
					FC8609551D8E40F8006157DD = {
						CreatedOnToolsVersion = 8.0;
						DevelopmentTeam = HZEC6N5GYF;
						ProvisioningStyle = Automatic;
						TestTargetID = FC8609311D8E40F8006157DD;
					};
				};
			};
			buildConfigurationList = FC86092D1D8E40F8006157DD /* Build configuration list for PBXProject "百思不得姐" */;
			compatibilityVersion = "Xcode 3.2";
			developmentRegion = English;
			hasScannedForEncodings = 0;
			knownRegions = (
				en,
				Base,
			);
			mainGroup = FC8609291D8E40F8006157DD;
			productRefGroup = FC8609331D8E40F8006157DD /* Products */;
			projectDirPath = "";
			projectRoot = "";
			targets = (
				FC8609311D8E40F8006157DD /* 百思不得姐 */,
				FC86094A1D8E40F8006157DD /* 百思不得姐Tests */,
				FC8609551D8E40F8006157DD /* 百思不得姐UITests */,
			);
		};
/* End PBXProject section */

/* Begin PBXResourcesBuildPhase section */
		FC8609301D8E40F8006157DD /* Resources */ = {
			isa = PBXResourcesBuildPhase;
			buildActionMask = 2147483647;
			files = (
				FC25F8A21DA89B2300ADA790 /* MLPictureView.xib in Resources */,
				FC138ED11DBEF2F40088A0FD /* MLCommentsViewController.xib in Resources */,
				FC07B5EA204BE0A20099EA5F /* FastForwardView.xib in Resources */,
				FCA3037F1DAA14BA001F67CD /* MLLargerImageController.xib in Resources */,
				FCC56D641DAE164400758EB2 /* MLVoiceView.xib in Resources */,
				FC8609D01D8E658A006157DD /* MLFriendTrendsViewController.xib in Resources */,
				FC8609451D8E40F8006157DD /* LaunchScreen.storyboard in Resources */,
				FCA303941DAB2D66001F67CD /* MLSendPostViewController.xib in Resources */,
				FCF2BDA21D9922A700C66F67 /* MLWordCell.xib in Resources */,
				FCC56D691DAE26AD00758EB2 /* MLVedioView.xib in Resources */,
				FCB2DC711DC08E9600DB4BA0 /* MLCommentCell.xib in Resources */,
				FC8609421D8E40F8006157DD /* Assets.xcassets in Resources */,
				FC8609E51D8E658A006157DD /* DFDViewController.xib in Resources */,
				FC8E16241DB069DC004BD099 /* MLLargerView.xib in Resources */,
				FC07B5E9204BE0A20099EA5F /* WMPlayer.bundle in Resources */,
				FC8609EF1D8E713A006157DD /* MLLoginRegistViewController.xib in Resources */,
			);
			runOnlyForDeploymentPostprocessing = 0;
		};
		FC8609491D8E40F8006157DD /* Resources */ = {
			isa = PBXResourcesBuildPhase;
			buildActionMask = 2147483647;
			files = (
			);
			runOnlyForDeploymentPostprocessing = 0;
		};
		FC8609541D8E40F8006157DD /* Resources */ = {
			isa = PBXResourcesBuildPhase;
			buildActionMask = 2147483647;
			files = (
			);
			runOnlyForDeploymentPostprocessing = 0;
		};
/* End PBXResourcesBuildPhase section */

/* Begin PBXShellScriptBuildPhase section */
		16C65A4AA6655C356A8909ED /* [CP] Check Pods Manifest.lock */ = {
			isa = PBXShellScriptBuildPhase;
			buildActionMask = 2147483647;
			files = (
			);
			inputPaths = (
				"${PODS_PODFILE_DIR_PATH}/Podfile.lock",
				"${PODS_ROOT}/Manifest.lock",
			);
			name = "[CP] Check Pods Manifest.lock";
			outputPaths = (
				"$(DERIVED_FILE_DIR)/Pods-百思不得姐-checkManifestLockResult.txt",
			);
			runOnlyForDeploymentPostprocessing = 0;
			shellPath = /bin/sh;
			shellScript = "diff \"${PODS_PODFILE_DIR_PATH}/Podfile.lock\" \"${PODS_ROOT}/Manifest.lock\" > /dev/null\nif [ $? != 0 ] ; then\n    # print error to STDERR\n    echo \"error: The sandbox is not in sync with the Podfile.lock. Run 'pod install' or update your CocoaPods installation.\" >&2\n    exit 1\nfi\n# This output is used by Xcode 'outputs' to avoid re-running this script phase.\necho \"SUCCESS\" > \"${SCRIPT_OUTPUT_FILE_0}\"\n";
			showEnvVarsInLog = 0;
		};
		A4B4B8B3E66580A300D360C4 /* [CP] Embed Pods Frameworks */ = {
			isa = PBXShellScriptBuildPhase;
			buildActionMask = 2147483647;
			files = (
			);
			inputPaths = (
			);
			name = "[CP] Embed Pods Frameworks";
			outputPaths = (
			);
			runOnlyForDeploymentPostprocessing = 0;
			shellPath = /bin/sh;
			shellScript = "\"${SRCROOT}/Pods/Target Support Files/Pods-百思不得姐/Pods-百思不得姐-frameworks.sh\"\n";
			showEnvVarsInLog = 0;
		};
		DA712B45EA0C11EAE5080774 /* [CP] Copy Pods Resources */ = {
			isa = PBXShellScriptBuildPhase;
			buildActionMask = 2147483647;
			files = (
			);
			inputPaths = (
				"${SRCROOT}/Pods/Target Support Files/Pods-百思不得姐/Pods-百思不得姐-resources.sh",
				"${PODS_ROOT}/MJRefresh/MJRefresh/MJRefresh.bundle",
				"${PODS_ROOT}/SVProgressHUD-FE/SVProgressHUD/SVProgressHUD.bundle",
			);
			name = "[CP] Copy Pods Resources";
			outputPaths = (
				"${TARGET_BUILD_DIR}/${UNLOCALIZED_RESOURCES_FOLDER_PATH}/MJRefresh.bundle",
				"${TARGET_BUILD_DIR}/${UNLOCALIZED_RESOURCES_FOLDER_PATH}/SVProgressHUD.bundle",
			);
			runOnlyForDeploymentPostprocessing = 0;
			shellPath = /bin/sh;
			shellScript = "\"${SRCROOT}/Pods/Target Support Files/Pods-百思不得姐/Pods-百思不得姐-resources.sh\"\n";
			showEnvVarsInLog = 0;
		};
/* End PBXShellScriptBuildPhase section */

/* Begin PBXSourcesBuildPhase section */
		FC86092E1D8E40F8006157DD /* Sources */ = {
			isa = PBXSourcesBuildPhase;
			buildActionMask = 2147483647;
			files = (
				FC8609C61D8E658A006157DD /* MLAllTableViewController.m in Sources */,
				FCA303931DAB2D66001F67CD /* MLSendPostViewController.m in Sources */,
				FC74F97B1DAF2FDB0098CEA8 /* MLWord.m in Sources */,
				FC8E16301DB0DD66004BD099 /* Track.m in Sources */,
				FC8609E61D8E658A006157DD /* MLNewViewController.m in Sources */,
				FCC56D621DAE163600758EB2 /* MLVoiceView.m in Sources */,
				FC8609D51D8E658A006157DD /* MLReccmmendUser.m in Sources */,
				FCF2BD8F1D99167400C66F67 /* FMDatabase.m in Sources */,
				FCF2BDA61D9A18FE00C66F67 /* MLConst.m in Sources */,
				FCA4C3591D9B6035008A9EDC /* NSDate+MLCompare.m in Sources */,
				FC8609C91D8E658A006157DD /* MLRemTagTableViewController.m in Sources */,
				FC8609D91D8E658A006157DD /* MLVerticalButton.m in Sources */,
				FCF2BD901D99167400C66F67 /* FMDatabaseAdditions.m in Sources */,
				FC8609DA1D8E658A006157DD /* NSString+Size.m in Sources */,
				FC8609E11D8E658A006157DD /* MLGuidePageView.m in Sources */,
				FC8609CE1D8E658A006157DD /* MLRemTagCell.m in Sources */,
				FC8609D31D8E658A006157DD /* MLReccmmendViewController.m in Sources */,
				FC8609DD1D8E658A006157DD /* MLNavigationController.m in Sources */,
				FCF2BD961D99167400C66F67 /* LKDBUtils.m in Sources */,
				FC138ED01DBEF2F40088A0FD /* MLCommentsViewController.m in Sources */,
				FCF2BD8E1D99167400C66F67 /* FMDatabase+InMemoryOnDiskIO.m in Sources */,
				FC8609E71D8E658A006157DD /* AppDelegate.m in Sources */,
				FCF2BD931D99167400C66F67 /* FMResultSet.m in Sources */,
				FCF2BD971D99167400C66F67 /* NSObject+LKDBHelper.m in Sources */,
				FCF2BD941D99167400C66F67 /* LKDB+Mapping.m in Sources */,
				FC8609DE1D8E658A006157DD /* MLTabBarViewController.m in Sources */,
				FC8609C71D8E658A006157DD /* MLEssenceViewController.m in Sources */,
				FC8609E41D8E658A006157DD /* DFDViewController.m in Sources */,
				FC8E16221DB069D0004BD099 /* MLLargerView.m in Sources */,
				FCF2BD921D99167400C66F67 /* FMDatabaseQueue.m in Sources */,
				FC8609D71D8E658A006157DD /* MLReccmmendCell.m in Sources */,
				FCF2BD8C1D99167400C66F67 /* BaseDataModel.m in Sources */,
				FC138EDB1DC081AF0088A0FD /* MLCommentCell.m in Sources */,
				FCC56D6C1DAE393D00758EB2 /* MLUser.m in Sources */,
				FC8609D61D8E658A006157DD /* MLPlaceHolderTextField.m in Sources */,
				FC8609CD1D8E658A006157DD /* MLRemTag.m in Sources */,
				FC46964D1DB612D90072005A /* MLScrollView.m in Sources */,
				FCF2BD911D99167400C66F67 /* FMDatabasePool.m in Sources */,
				FCF2BDA11D9922A700C66F67 /* MLWordCell.m in Sources */,
				FC8609CC1D8E658A006157DD /* MLWordTableViewController.m in Sources */,
				FC8609DB1D8E658A006157DD /* UIBarButtonItem+DDBarButtonItem.m in Sources */,
				FCF2BD8B1D99167400C66F67 /* BaseDAO.m in Sources */,
				FC8609D41D8E658A006157DD /* MLReccmmend.m in Sources */,
				FC8609C81D8E658A006157DD /* MLPictureTableViewController.m in Sources */,
				FCA3037E1DAA14BA001F67CD /* MLLargerImageController.m in Sources */,
				FC8609E31D8E658A006157DD /* MLMeViewController.m in Sources */,
				FC8609D81D8E658A006157DD /* MLReccmmendUserCell.m in Sources */,
				FC8609CB1D8E658A006157DD /* MLVioceTableViewController.m in Sources */,
				FC6B6E521D9CF6F5001413EB /* MLBaseNewsViewController.m in Sources */,
				FCC56D671DAE269800758EB2 /* MLVedioView.m in Sources */,
				FC3E46231DA9DC1F000C8A68 /* MLProgressView.m in Sources */,
				FCC56D6F1DAE3AE100758EB2 /* MLComment.m in Sources */,
				FC25F89E1DA8979600ADA790 /* MLPictureView.m in Sources */,
				FC8609DF1D8E658A006157DD /* JYHttpTool.m in Sources */,
				FCF2BD981D99167400C66F67 /* NSObject+LKModel.m in Sources */,
				FC8609CF1D8E658A006157DD /* MLFriendTrendsViewController.m in Sources */,
				FC8609E21D8E658A006157DD /* MLtabBar.m in Sources */,
				FC07B5EB204BE0A20099EA5F /* WMLightView.m in Sources */,
				FC07B5ED204BE0A20099EA5F /* WMPlayer.m in Sources */,
				FCF2BD951D99167400C66F67 /* LKDBHelper.m in Sources */,
				FC8609DC1D8E658A006157DD /* UIView+Extension.m in Sources */,
				FCF2BD8D1D99167400C66F67 /* DAOManager.m in Sources */,
				FC8609371D8E40F8006157DD /* main.m in Sources */,
				FC07B5EC204BE0A20099EA5F /* FastForwardView.m in Sources */,
				FC8609CA1D8E658A006157DD /* MLVedioTableViewController.m in Sources */,
				FC8609EE1D8E713A006157DD /* MLLoginRegistViewController.m in Sources */,
				FC8E16331DB0DD8C004BD099 /* Track+Provider.m in Sources */,
			);
			runOnlyForDeploymentPostprocessing = 0;
		};
		FC8609471D8E40F8006157DD /* Sources */ = {
			isa = PBXSourcesBuildPhase;
			buildActionMask = 2147483647;
			files = (
				FC8609501D8E40F8006157DD /* _____Tests.m in Sources */,
			);
			runOnlyForDeploymentPostprocessing = 0;
		};
		FC8609521D8E40F8006157DD /* Sources */ = {
			isa = PBXSourcesBuildPhase;
			buildActionMask = 2147483647;
			files = (
				FC86095B1D8E40F8006157DD /* _____UITests.m in Sources */,
			);
			runOnlyForDeploymentPostprocessing = 0;
		};
/* End PBXSourcesBuildPhase section */

/* Begin PBXTargetDependency section */
		FC86094D1D8E40F8006157DD /* PBXTargetDependency */ = {
			isa = PBXTargetDependency;
			target = FC8609311D8E40F8006157DD /* 百思不得姐 */;
			targetProxy = FC86094C1D8E40F8006157DD /* PBXContainerItemProxy */;
		};
		FC8609581D8E40F8006157DD /* PBXTargetDependency */ = {
			isa = PBXTargetDependency;
			target = FC8609311D8E40F8006157DD /* 百思不得姐 */;
			targetProxy = FC8609571D8E40F8006157DD /* PBXContainerItemProxy */;
		};
/* End PBXTargetDependency section */

/* Begin PBXVariantGroup section */
		FC8609431D8E40F8006157DD /* LaunchScreen.storyboard */ = {
			isa = PBXVariantGroup;
			children = (
				FC8609441D8E40F8006157DD /* Base */,
			);
			name = LaunchScreen.storyboard;
			sourceTree = "<group>";
		};
/* End PBXVariantGroup section */

/* Begin XCBuildConfiguration section */
		FC86095D1D8E40F8006157DD /* Debug */ = {
			isa = XCBuildConfiguration;
			buildSettings = {
				ALWAYS_SEARCH_USER_PATHS = NO;
				CLANG_ANALYZER_NONNULL = YES;
				CLANG_CXX_LANGUAGE_STANDARD = "gnu++0x";
				CLANG_CXX_LIBRARY = "libc++";
				CLANG_ENABLE_MODULES = YES;
				CLANG_ENABLE_OBJC_ARC = YES;
				CLANG_WARN_BOOL_CONVERSION = YES;
				CLANG_WARN_CONSTANT_CONVERSION = YES;
				CLANG_WARN_DIRECT_OBJC_ISA_USAGE = YES_ERROR;
				CLANG_WARN_DOCUMENTATION_COMMENTS = YES;
				CLANG_WARN_EMPTY_BODY = YES;
				CLANG_WARN_ENUM_CONVERSION = YES;
				CLANG_WARN_INFINITE_RECURSION = YES;
				CLANG_WARN_INT_CONVERSION = YES;
				CLANG_WARN_OBJC_ROOT_CLASS = YES_ERROR;
				CLANG_WARN_SUSPICIOUS_MOVE = YES;
				CLANG_WARN_SUSPICIOUS_MOVES = YES;
				CLANG_WARN_UNREACHABLE_CODE = YES;
				CLANG_WARN__DUPLICATE_METHOD_MATCH = YES;
				"CODE_SIGN_IDENTITY[sdk=iphoneos*]" = "iPhone Developer";
				COPY_PHASE_STRIP = NO;
				DEBUG_INFORMATION_FORMAT = dwarf;
				ENABLE_STRICT_OBJC_MSGSEND = YES;
				ENABLE_TESTABILITY = YES;
				GCC_C_LANGUAGE_STANDARD = gnu99;
				GCC_DYNAMIC_NO_PIC = NO;
				GCC_NO_COMMON_BLOCKS = YES;
				GCC_OPTIMIZATION_LEVEL = 0;
				GCC_PREPROCESSOR_DEFINITIONS = (
					"DEBUG=1",
					"$(inherited)",
				);
				GCC_WARN_64_TO_32_BIT_CONVERSION = YES;
				GCC_WARN_ABOUT_RETURN_TYPE = YES_ERROR;
				GCC_WARN_UNDECLARED_SELECTOR = YES;
				GCC_WARN_UNINITIALIZED_AUTOS = YES_AGGRESSIVE;
				GCC_WARN_UNUSED_FUNCTION = YES;
				GCC_WARN_UNUSED_VARIABLE = YES;
				IPHONEOS_DEPLOYMENT_TARGET = 9.0;
				MTL_ENABLE_DEBUG_INFO = YES;
				ONLY_ACTIVE_ARCH = YES;
				SDKROOT = iphoneos;
			};
			name = Debug;
		};
		FC86095E1D8E40F8006157DD /* Release */ = {
			isa = XCBuildConfiguration;
			buildSettings = {
				ALWAYS_SEARCH_USER_PATHS = NO;
				CLANG_ANALYZER_NONNULL = YES;
				CLANG_CXX_LANGUAGE_STANDARD = "gnu++0x";
				CLANG_CXX_LIBRARY = "libc++";
				CLANG_ENABLE_MODULES = YES;
				CLANG_ENABLE_OBJC_ARC = YES;
				CLANG_WARN_BOOL_CONVERSION = YES;
				CLANG_WARN_CONSTANT_CONVERSION = YES;
				CLANG_WARN_DIRECT_OBJC_ISA_USAGE = YES_ERROR;
				CLANG_WARN_DOCUMENTATION_COMMENTS = YES;
				CLANG_WARN_EMPTY_BODY = YES;
				CLANG_WARN_ENUM_CONVERSION = YES;
				CLANG_WARN_INFINITE_RECURSION = YES;
				CLANG_WARN_INT_CONVERSION = YES;
				CLANG_WARN_OBJC_ROOT_CLASS = YES_ERROR;
				CLANG_WARN_SUSPICIOUS_MOVE = YES;
				CLANG_WARN_SUSPICIOUS_MOVES = YES;
				CLANG_WARN_UNREACHABLE_CODE = YES;
				CLANG_WARN__DUPLICATE_METHOD_MATCH = YES;
				"CODE_SIGN_IDENTITY[sdk=iphoneos*]" = "iPhone Developer";
				COPY_PHASE_STRIP = NO;
				DEBUG_INFORMATION_FORMAT = "dwarf-with-dsym";
				ENABLE_NS_ASSERTIONS = NO;
				ENABLE_STRICT_OBJC_MSGSEND = YES;
				GCC_C_LANGUAGE_STANDARD = gnu99;
				GCC_NO_COMMON_BLOCKS = YES;
				GCC_WARN_64_TO_32_BIT_CONVERSION = YES;
				GCC_WARN_ABOUT_RETURN_TYPE = YES_ERROR;
				GCC_WARN_UNDECLARED_SELECTOR = YES;
				GCC_WARN_UNINITIALIZED_AUTOS = YES_AGGRESSIVE;
				GCC_WARN_UNUSED_FUNCTION = YES;
				GCC_WARN_UNUSED_VARIABLE = YES;
				IPHONEOS_DEPLOYMENT_TARGET = 9.0;
				MTL_ENABLE_DEBUG_INFO = NO;
				SDKROOT = iphoneos;
				VALIDATE_PRODUCT = YES;
			};
			name = Release;
		};
		FC8609601D8E40F8006157DD /* Debug */ = {
			isa = XCBuildConfiguration;
			baseConfigurationReference = 0F25D9D3C13A6635D0F35C0F /* Pods-百思不得姐.debug.xcconfig */;
			buildSettings = {
				ASSETCATALOG_COMPILER_APPICON_NAME = AppIcon;
				DEVELOPMENT_TEAM = Q6B26U4GWX;
				GCC_PREFIX_HEADER = "百思不得姐/Header.h";
				INFOPLIST_FILE = "百思不得姐/Info.plist";
				IPHONEOS_DEPLOYMENT_TARGET = 9.0;
				LD_RUNPATH_SEARCH_PATHS = "$(inherited) @executable_path/Frameworks";
				PRODUCT_BUNDLE_IDENTIFIER = "com.lifesense.dylan.-----";
				PRODUCT_NAME = "$(TARGET_NAME)";
			};
			name = Debug;
		};
		FC8609611D8E40F8006157DD /* Release */ = {
			isa = XCBuildConfiguration;
			baseConfigurationReference = F6B4388AD515D9009C2DFCF4 /* Pods-百思不得姐.release.xcconfig */;
			buildSettings = {
				ASSETCATALOG_COMPILER_APPICON_NAME = AppIcon;
				DEVELOPMENT_TEAM = Q6B26U4GWX;
				GCC_PREFIX_HEADER = "百思不得姐/Header.h";
				INFOPLIST_FILE = "百思不得姐/Info.plist";
				IPHONEOS_DEPLOYMENT_TARGET = 9.0;
				LD_RUNPATH_SEARCH_PATHS = "$(inherited) @executable_path/Frameworks";
				PRODUCT_BUNDLE_IDENTIFIER = "com.lifesense.dylan.-----";
				PRODUCT_NAME = "$(TARGET_NAME)";
			};
			name = Release;
		};
		FC8609631D8E40F8006157DD /* Debug */ = {
			isa = XCBuildConfiguration;
			buildSettings = {
				BUNDLE_LOADER = "$(TEST_HOST)";
				DEVELOPMENT_TEAM = HZEC6N5GYF;
				INFOPLIST_FILE = "百思不得姐Tests/Info.plist";
				LD_RUNPATH_SEARCH_PATHS = "$(inherited) @executable_path/Frameworks @loader_path/Frameworks";
				PRODUCT_BUNDLE_IDENTIFIER = "com.lifesense.dylan.-----Tests";
				PRODUCT_NAME = "$(TARGET_NAME)";
				TEST_HOST = "$(BUILT_PRODUCTS_DIR)/百思不得姐.app/百思不得姐";
			};
			name = Debug;
		};
		FC8609641D8E40F8006157DD /* Release */ = {
			isa = XCBuildConfiguration;
			buildSettings = {
				BUNDLE_LOADER = "$(TEST_HOST)";
				DEVELOPMENT_TEAM = HZEC6N5GYF;
				INFOPLIST_FILE = "百思不得姐Tests/Info.plist";
				LD_RUNPATH_SEARCH_PATHS = "$(inherited) @executable_path/Frameworks @loader_path/Frameworks";
				PRODUCT_BUNDLE_IDENTIFIER = "com.lifesense.dylan.-----Tests";
				PRODUCT_NAME = "$(TARGET_NAME)";
				TEST_HOST = "$(BUILT_PRODUCTS_DIR)/百思不得姐.app/百思不得姐";
			};
			name = Release;
		};
		FC8609661D8E40F8006157DD /* Debug */ = {
			isa = XCBuildConfiguration;
			buildSettings = {
				DEVELOPMENT_TEAM = HZEC6N5GYF;
				INFOPLIST_FILE = "百思不得姐UITests/Info.plist";
				LD_RUNPATH_SEARCH_PATHS = "$(inherited) @executable_path/Frameworks @loader_path/Frameworks";
				PRODUCT_BUNDLE_IDENTIFIER = "com.lifesense.dylan.-----UITests";
				PRODUCT_NAME = "$(TARGET_NAME)";
				TEST_TARGET_NAME = "百思不得姐";
			};
			name = Debug;
		};
		FC8609671D8E40F8006157DD /* Release */ = {
			isa = XCBuildConfiguration;
			buildSettings = {
				DEVELOPMENT_TEAM = HZEC6N5GYF;
				INFOPLIST_FILE = "百思不得姐UITests/Info.plist";
				LD_RUNPATH_SEARCH_PATHS = "$(inherited) @executable_path/Frameworks @loader_path/Frameworks";
				PRODUCT_BUNDLE_IDENTIFIER = "com.lifesense.dylan.-----UITests";
				PRODUCT_NAME = "$(TARGET_NAME)";
				TEST_TARGET_NAME = "百思不得姐";
			};
			name = Release;
		};
/* End XCBuildConfiguration section */

/* Begin XCConfigurationList section */
		FC86092D1D8E40F8006157DD /* Build configuration list for PBXProject "百思不得姐" */ = {
			isa = XCConfigurationList;
			buildConfigurations = (
				FC86095D1D8E40F8006157DD /* Debug */,
				FC86095E1D8E40F8006157DD /* Release */,
			);
			defaultConfigurationIsVisible = 0;
			defaultConfigurationName = Release;
		};
		FC86095F1D8E40F8006157DD /* Build configuration list for PBXNativeTarget "百思不得姐" */ = {
			isa = XCConfigurationList;
			buildConfigurations = (
				FC8609601D8E40F8006157DD /* Debug */,
				FC8609611D8E40F8006157DD /* Release */,
			);
			defaultConfigurationIsVisible = 0;
			defaultConfigurationName = Release;
		};
		FC8609621D8E40F8006157DD /* Build configuration list for PBXNativeTarget "百思不得姐Tests" */ = {
			isa = XCConfigurationList;
			buildConfigurations = (
				FC8609631D8E40F8006157DD /* Debug */,
				FC8609641D8E40F8006157DD /* Release */,
			);
			defaultConfigurationIsVisible = 0;
			defaultConfigurationName = Release;
		};
		FC8609651D8E40F8006157DD /* Build configuration list for PBXNativeTarget "百思不得姐UITests" */ = {
			isa = XCConfigurationList;
			buildConfigurations = (
				FC8609661D8E40F8006157DD /* Debug */,
				FC8609671D8E40F8006157DD /* Release */,
			);
			defaultConfigurationIsVisible = 0;
			defaultConfigurationName = Release;
		};
/* End XCConfigurationList section */
	};
	rootObject = FC86092A1D8E40F8006157DD /* Project object */;
}
