PODS:
  - AFNetworking (2.5.4):
    - AFNetworking/NSURLConnection (= 2.5.4)
    - AFNetworking/NSURLSession (= 2.5.4)
    - AFNetworking/Reachability (= 2.5.4)
    - AFNetworking/Security (= 2.5.4)
    - AFNetworking/Serialization (= 2.5.4)
    - AFNetworking/UIKit (= 2.5.4)
  - AFNetworking/NSURLConnection (2.5.4):
    - AFNetworking/Reachability
    - AFNetworking/Security
    - AFNetworking/Serialization
  - AFNetworking/NSURLSession (2.5.4):
    - AFNetworking/Reachability
    - AFNetworking/Security
    - AFNetworking/Serialization
  - AFNetworking/Reachability (2.5.4)
  - AFNetworking/Security (2.5.4)
  - AFNetworking/Serialization (2.5.4)
  - AFNetworking/UIKit (2.5.4):
    - AFNetworking/NSURLConnection
    - AFNetworking/NSURLSession
  - DACircularProgress (2.3.1)
  - DOUAudioStreamer (0.2.15)
  - Masonry (1.1.0)
  - MJExtension (3.0.13)
  - MJRefresh (3.1.15.3)
  - pop (1.0.10)
  - SDWebImage (4.3.2):
    - SDWebImage/Core (= 4.3.2)
  - SDWebImage/Core (4.3.2)
  - SVProgressHUD-FE (2.0.1)

DEPENDENCIES:
  - AFNetworking (~> 2.5.3)
  - DACircularProgress
  - DOUAudioStreamer (~> 0.2.15)
  - Masonry (~> 1.1.0)
  - MJExtension (~> 3.0.13)
  - MJRefresh (~> 3.1.0)
  - pop (~> 1.0.9)
  - SDWebImage (~> 4.3.2)
  - SVProgressHUD-FE (~> 2.0)

SPEC CHECKSUMS:
  AFNetworking: 05edc0ac4c4c8cf57bcf4b84be5b0744b6d8e71e
  DACircularProgress: 4dd437c0fc3da5161cb289e07ac449493d41db71
  DOUAudioStreamer: 14f217bab01b52171fc2bd7d96e1f8fdd50fce68
  Masonry: 678fab65091a9290e40e2832a55e7ab731aad201
  MJExtension: 5932755f451458eefa24239358817f8d291240c7
  MJRefresh: b48380ae2b927b46c4ef000de9adb8dc748e1df7
  pop: 82ca6b068ce9278fd350fd9dd09482a0ce9492e6
  SDWebImage: 29bd3c0bc1f01e5eb59720847c64ad4c4ca1af5d
  SVProgressHUD-FE: 618920e9f40d939e42208f7510996c866de157f5

PODFILE CHECKSUM: 2d78cee71bd503c743888da28ebe99a550b224d2

COCOAPODS: 1.4.0
